Microsoft Visual Studio Solution File, Format Version 8.00
Project("{8BC9CEB8-8B4A-11D0-8D11-00A0C91BC942}") = "VIMESSyncInsurance", "VIMESSyncInsurance.vcproj", "{21B5E886-0E3F-4FE8-96F2-D1FAF8FB8D88}"
	ProjectSection(ProjectDependencies) = postProject
	EndProjectSection
EndProject
Global
	GlobalSection(SolutionConfiguration) = preSolution
		Debug = Debug
		Release = Release
	EndGlobalSection
	GlobalSection(ProjectConfiguration) = postSolution
		{21B5E886-0E3F-4FE8-96F2-D1FAF8FB8D88}.Debug.ActiveCfg = Debug|Win32
		{21B5E886-0E3F-4FE8-96F2-D1FAF8FB8D88}.Debug.Build.0 = Debug|Win32
		{21B5E886-0E3F-4FE8-96F2-D1FAF8FB8D88}.Release.ActiveCfg = Release|Win32
		{21B5E886-0E3F-4FE8-96F2-D1FAF8FB8D88}.Release.Build.0 = Release|Win32
	EndGlobalSection
	GlobalSection(ExtensibilityGlobals) = postSolution
	EndGlobalSection
	GlobalSection(ExtensibilityAddIns) = postSolution
	EndGlobalSection
EndGlobal
