Microsoft Visual Studio Solution File, Format Version 12.00
# Visual Studio Version 17
VisualStudioVersion = 17.8.34227.203
MinimumVisualStudioVersion = 10.0.40219.1
Project("{8BC9CEB8-8B4A-11D0-8D11-00A0C91BC942}") = "VIMESPharmacyMangr", "VIMESPharmacyMangr.vcxproj", "{911F9587-07AE-48F3-BCEB-3C860BE900C5}"
EndProject
Project("{2150E333-8FDC-42A3-9474-1A3956D46DE8}") = "Solution Items", "Solution Items", "{7C0C26DC-E34A-4C88-8773-59CA5ED29BFE}"
	ProjectSection(SolutionItems) = preProject
		HMSCancerTreatDiag.cpp = HMSCancerTreatDiag.cpp
		HMSCancerTreatDiag.h = HMSCancerTreatDiag.h
		HMSCancerTreatDiagCategory.cpp = HMSCancerTreatDiagCategory.cpp
		HMSCancerTreatDiagCategory.h = HMSCancerTreatDiagCategory.h
		HMSCancerTreatDiagItem.cpp = HMSCancerTreatDiagItem.cpp
		HMSCancerTreatDiagItem.h = HMSCancerTreatDiagItem.h
		HMSCancerTreatDiagItemLn.cpp = HMSCancerTreatDiagItemLn.cpp
		HMSCancerTreatDiagItemLn.h = HMSCancerTreatDiagItemLn.h
		HMSCancerTreatDiagLn.cpp = HMSCancerTreatDiagLn.cpp
		HMSCancerTreatDiagLn.h = HMSCancerTreatDiagLn.h
	EndProjectSection
EndProject
Global
	GlobalSection(SolutionConfigurationPlatforms) = preSolution
		Debug|x86 = Debug|x86
		Release|x86 = Release|x86
	EndGlobalSection
	GlobalSection(ProjectConfigurationPlatforms) = postSolution
		{911F9587-07AE-48F3-BCEB-3C860BE900C5}.Debug|x86.ActiveCfg = Debug|Win32
		{911F9587-07AE-48F3-BCEB-3C860BE900C5}.Debug|x86.Build.0 = Debug|Win32
		{911F9587-07AE-48F3-BCEB-3C860BE900C5}.Release|x86.ActiveCfg = Release|Win32
		{911F9587-07AE-48F3-BCEB-3C860BE900C5}.Release|x86.Build.0 = Release|Win32
	EndGlobalSection
	GlobalSection(SolutionProperties) = preSolution
		HideSolutionNode = FALSE
	EndGlobalSection
	GlobalSection(ExtensibilityGlobals) = postSolution
		SolutionGuid = {E2BC362A-48EE-4A11-B7E2-720C5DC1FB8C}
	EndGlobalSection
EndGlobal
