<?xml version="1.0" encoding="utf-8"?>
<Project ToolsVersion="4.0" xmlns="http://schemas.microsoft.com/developer/msbuild/2003">
  <ItemGroup>
    <Filter Include="Source Files">
      <UniqueIdentifier>{4FC737F1-C7A5-4376-A066-2A32D752A2FF}</UniqueIdentifier>
      <Extensions>cpp;c;cxx;def;odl;idl;hpj;bat;asm;asmx</Extensions>
    </Filter>
    <Filter Include="Source Files\PriceSchema">
      <UniqueIdentifier>{25735c7e-0ec3-4458-8595-0cb1e2446a7d}</UniqueIdentifier>
    </Filter>
    <Filter Include="Source Files\MachineSetup">
      <UniqueIdentifier>{fc6d4e95-12b0-40c6-b9cc-a0e4cda4e4cf}</UniqueIdentifier>
    </Filter>
    <Filter Include="Header Files">
      <UniqueIdentifier>{93995380-89BD-4b04-88EB-625FBE52EBFB}</UniqueIdentifier>
      <Extensions>h;hpp;hxx;hm;inl;inc;xsd</Extensions>
    </Filter>
    <Filter Include="Header Files\PriceSchema">
      <UniqueIdentifier>{f948e10b-c852-43ed-a6cc-39b3f73d7a03}</UniqueIdentifier>
    </Filter>
    <Filter Include="Header Files\MachineSetup">
      <UniqueIdentifier>{70176e22-1e33-4251-9888-740fb7de110f}</UniqueIdentifier>
    </Filter>
    <Filter Include="Resource Files">
      <UniqueIdentifier>{67DA6AB6-F800-4c08-8B7A-83BB121AAD01}</UniqueIdentifier>
      <Extensions>rc;ico;cur;bmp;dlg;rc2;rct;bin;rgs;gif;jpg;jpeg;jpe;resx</Extensions>
    </Filter>
  </ItemGroup>
  <ItemGroup>
    <ClCompile Include="AdUserSetup.cpp">
      <Filter>Source Files</Filter>
    </ClCompile>
    <ClCompile Include="ChildView.cpp">
      <Filter>Source Files</Filter>
    </ClCompile>
    <ClCompile Include="CHMSCreateMultiUser.cpp">
      <Filter>Source Files</Filter>
    </ClCompile>
    <ClCompile Include="DanhMucNhiemKhuanBenhVien.cpp">
      <Filter>Source Files</Filter>
    </ClCompile>
    <ClCompile Include="HMSAdditionFeeDialog.cpp">
      <Filter>Source Files</Filter>
    </ClCompile>
    <ClCompile Include="HMSAdditionFeeSetupDialog.cpp">
      <Filter>Source Files</Filter>
    </ClCompile>
    <ClCompile Include="HMSAdditionFeeSetupDialog_new.cpp">
      <Filter>Source Files</Filter>
    </ClCompile>
    <ClCompile Include="HMSBedSetupDialog.cpp">
      <Filter>Source Files</Filter>
    </ClCompile>
    <ClCompile Include="HMSCancelRecord.cpp">
      <Filter>Source Files</Filter>
    </ClCompile>
    <ClCompile Include="HMSConfigSetupDlg.cpp">
      <Filter>Source Files</Filter>
    </ClCompile>
    <ClCompile Include="HMSCreateUser.cpp">
      <Filter>Source Files</Filter>
    </ClCompile>
    <ClCompile Include="HMSDynBedMap.cpp">
      <Filter>Source Files</Filter>
    </ClCompile>
    <ClCompile Include="HMSDynBedSetupDialog.cpp">
      <Filter>Source Files</Filter>
    </ClCompile>
    <ClCompile Include="HMSExaminationTypeSetup.cpp">
      <Filter>Source Files</Filter>
    </ClCompile>
    <ClCompile Include="HMSExamTypePermSetupDialog.cpp">
      <Filter>Source Files</Filter>
    </ClCompile>
    <ClCompile Include="HMSExportFeeList.cpp">
      <Filter>Source Files</Filter>
    </ClCompile>
    <ClCompile Include="HMSFeeListApproval.cpp">
      <Filter>Source Files</Filter>
    </ClCompile>
    <ClCompile Include="HMSFeeListEditDetailDialog.cpp">
      <Filter>Source Files</Filter>
    </ClCompile>
    <ClCompile Include="HMSFeeTabs.cpp">
      <Filter>Source Files</Filter>
    </ClCompile>
    <ClCompile Include="HMSFoodFeeSetup.cpp">
      <Filter>Source Files</Filter>
    </ClCompile>
    <ClCompile Include="HMSGroupProfileDialog.cpp">
      <Filter>Source Files</Filter>
    </ClCompile>
    <ClCompile Include="HMSHospitals.cpp">
      <Filter>Source Files</Filter>
    </ClCompile>
    <ClCompile Include="HMSHtmlFormSetupDialog.cpp">
      <Filter>Source Files</Filter>
    </ClCompile>
    <ClCompile Include="HMSICD10.cpp">
      <Filter>Source Files</Filter>
    </ClCompile>
    <ClCompile Include="HMSICD10Group.cpp">
      <Filter>Source Files</Filter>
    </ClCompile>
    <ClCompile Include="HMSMachineSetupDialog.cpp">
      <Filter>Source Files</Filter>
    </ClCompile>
    <ClCompile Include="HMSMapItemDialog.cpp">
      <Filter>Source Files</Filter>
    </ClCompile>
    <ClCompile Include="HMSMergeIVFDocnoDialog.cpp">
      <Filter>Source Files</Filter>
    </ClCompile>
    <ClCompile Include="HMSOperationListSetup.cpp">
      <Filter>Source Files</Filter>
    </ClCompile>
    <ClCompile Include="HMSOperationSetupDialog.cpp">
      <Filter>Source Files</Filter>
    </ClCompile>
    <ClCompile Include="HMSOtherFeeSetup.cpp">
      <Filter>Source Files</Filter>
    </ClCompile>
    <ClCompile Include="HMSParaClinicalICDSettingDialog.cpp">
      <Filter>Source Files</Filter>
    </ClCompile>
    <ClCompile Include="HMSParaclinicalListSetup.cpp">
      <Filter>Source Files</Filter>
    </ClCompile>
    <ClCompile Include="HMSParaclinicalSetupDialog.cpp">
      <Filter>Source Files</Filter>
    </ClCompile>
    <ClCompile Include="HMSParaclinicalSetupDialog_new.cpp">
      <Filter>Source Files</Filter>
    </ClCompile>
    <ClCompile Include="HMSParaclinicalSetupDialog_new2.cpp">
      <Filter>Source Files</Filter>
    </ClCompile>
    <ClCompile Include="HMSPerformDeptPermSetupDialog.cpp">
      <Filter>Source Files</Filter>
    </ClCompile>
    <ClCompile Include="HMSPermissionDialog.cpp">
      <Filter>Source Files</Filter>
    </ClCompile>
    <ClCompile Include="HMSPermissionDialog_v2.cpp">
      <Filter>Source Files</Filter>
    </ClCompile>
    <ClCompile Include="HMSRoomSetupDialog.cpp">
      <Filter>Source Files</Filter>
    </ClCompile>
    <ClCompile Include="HMSSetPrivorityPatient.cpp">
      <Filter>Source Files</Filter>
    </ClCompile>
    <ClCompile Include="HMSSettingHolidayDialog.cpp">
      <Filter>Source Files</Filter>
    </ClCompile>
    <ClCompile Include="HMSSignatureDialog.cpp">
      <Filter>Source Files</Filter>
    </ClCompile>
    <ClCompile Include="HMSTestProfileDialog.cpp">
      <Filter>Source Files</Filter>
    </ClCompile>
    <ClCompile Include="HMSThietLap_Miengiam_Tienan_Haucan.cpp">
      <Filter>Source Files</Filter>
    </ClCompile>
    <ClCompile Include="HMSThietLap_Thongtin_Miengiam.cpp">
      <Filter>Source Files</Filter>
    </ClCompile>
    <ClCompile Include="HMSTransferHospitalSetup.cpp">
      <Filter>Source Files</Filter>
    </ClCompile>
    <ClCompile Include="HMSTransferInwardPatient.cpp">
      <Filter>Source Files</Filter>
    </ClCompile>
    <ClCompile Include="HMSUpdateChildItemDialog.cpp">
      <Filter>Source Files</Filter>
    </ClCompile>
    <ClCompile Include="HMSUpdateExtraInforItemDialog.cpp">
      <Filter>Source Files</Filter>
    </ClCompile>
    <ClCompile Include="HMSUpdatePacsGroupDialog.cpp">
      <Filter>Source Files</Filter>
    </ClCompile>
    <ClCompile Include="HMSWardSetupDialog.cpp">
      <Filter>Source Files</Filter>
    </ClCompile>
    <ClCompile Include="INSFeeNameEditor.cpp">
      <Filter>Source Files</Filter>
    </ClCompile>
    <ClCompile Include="ListParaclinic.cpp">
      <Filter>Source Files</Filter>
    </ClCompile>
    <ClCompile Include="MainFrm.cpp">
      <Filter>Source Files</Filter>
    </ClCompile>
    <ClCompile Include="PMSPermSetupDialog.cpp">
      <Filter>Source Files</Filter>
    </ClCompile>
    <ClCompile Include="SearchPopupByAlias.cpp">
      <Filter>Source Files</Filter>
    </ClCompile>
    <ClCompile Include="stdafx.cpp">
      <Filter>Source Files</Filter>
    </ClCompile>
    <ClCompile Include="StorageDefaultSetupDlg.cpp">
      <Filter>Source Files</Filter>
    </ClCompile>
    <ClCompile Include="SysCompany.cpp">
      <Filter>Source Files</Filter>
    </ClCompile>
    <ClCompile Include="SysConfig.cpp">
      <Filter>Source Files</Filter>
    </ClCompile>
    <ClCompile Include="SysConfigConfirmDialog.cpp">
      <Filter>Source Files</Filter>
    </ClCompile>
    <ClCompile Include="SysConfigEditDialog.cpp">
      <Filter>Source Files</Filter>
    </ClCompile>
    <ClCompile Include="SYSCongGiamDinhNoiBoVIMES.cpp">
      <Filter>Source Files</Filter>
    </ClCompile>
    <ClCompile Include="SysDepartment.cpp">
      <Filter>Source Files</Filter>
    </ClCompile>
    <ClCompile Include="SysDictionarySetup.cpp">
      <Filter>Source Files</Filter>
    </ClCompile>
    <ClCompile Include="SysFeeWarningSetup.cpp">
      <Filter>Source Files</Filter>
    </ClCompile>
    <ClCompile Include="SysInsuranceCode.cpp">
      <Filter>Source Files</Filter>
    </ClCompile>
    <ClCompile Include="SysMessageSetup.cpp">
      <Filter>Source Files</Filter>
    </ClCompile>
    <ClCompile Include="SysPermission.cpp">
      <Filter>Source Files</Filter>
    </ClCompile>
    <ClCompile Include="SysSettingAutoCheckCardDialog.cpp">
      <Filter>Source Files</Filter>
    </ClCompile>
    <ClCompile Include="SysSetupAdmisionForDept.cpp">
      <Filter>Source Files</Filter>
    </ClCompile>
    <ClCompile Include="SysSetUpAdmissionForm.cpp">
      <Filter>Source Files</Filter>
    </ClCompile>
    <ClCompile Include="SysSetUpAdmissionLineForm.cpp">
      <Filter>Source Files</Filter>
    </ClCompile>
    <ClCompile Include="SysSetupList.cpp">
      <Filter>Source Files</Filter>
    </ClCompile>
    <ClCompile Include="SysSetupListDlg.cpp">
      <Filter>Source Files</Filter>
    </ClCompile>
    <ClCompile Include="SysUserSetup.cpp">
      <Filter>Source Files</Filter>
    </ClCompile>
    <ClCompile Include="VIMESAddress.cpp">
      <Filter>Source Files</Filter>
    </ClCompile>
    <ClCompile Include="VIMESEntryDialog.cpp">
      <Filter>Source Files</Filter>
    </ClCompile>
    <ClCompile Include="VIMESAdministrationMangr.cpp">
      <Filter>Source Files</Filter>
    </ClCompile>
    <ClCompile Include="PriceSchema\HMSExpenseDialog.cpp">
      <Filter>Source Files\PriceSchema</Filter>
    </ClCompile>
    <ClCompile Include="PriceSchema\HMSExpenseSetupDialog.cpp">
      <Filter>Source Files\PriceSchema</Filter>
    </ClCompile>
    <ClCompile Include="PriceSchema\HMSExpenseTypeDialog.cpp">
      <Filter>Source Files\PriceSchema</Filter>
    </ClCompile>
    <ClCompile Include="PriceSchema\HMSExpenseTypeSetupDialog.cpp">
      <Filter>Source Files\PriceSchema</Filter>
    </ClCompile>
    <ClCompile Include="PriceSchema\HMSFeePriceSchemaCopierDialog.cpp">
      <Filter>Source Files\PriceSchema</Filter>
    </ClCompile>
    <ClCompile Include="PriceSchema\HMSFeePriceSchemaLineSetupDialog.cpp">
      <Filter>Source Files\PriceSchema</Filter>
    </ClCompile>
    <ClCompile Include="PriceSchema\HMSFeePriceSchemaSetupDialog.cpp">
      <Filter>Source Files\PriceSchema</Filter>
    </ClCompile>
    <ClCompile Include="PriceSchema\HMSFeePriceSchemaView.cpp">
      <Filter>Source Files\PriceSchema</Filter>
    </ClCompile>
    <ClCompile Include="PriceSchema\HMSPriceSchemaCopierDialog.cpp">
      <Filter>Source Files\PriceSchema</Filter>
    </ClCompile>
    <ClCompile Include="PriceSchema\HMSPriceSchemaFullView.cpp">
      <Filter>Source Files\PriceSchema</Filter>
    </ClCompile>
    <ClCompile Include="PriceSchema\HMSPriceSchemaLineSetupDialog.cpp">
      <Filter>Source Files\PriceSchema</Filter>
    </ClCompile>
    <ClCompile Include="PriceSchema\HMSPriceSchemaListSetupDialog.cpp">
      <Filter>Source Files\PriceSchema</Filter>
    </ClCompile>
    <ClCompile Include="PriceSchema\HMSPriceSchemaLog.cpp">
      <Filter>Source Files\PriceSchema</Filter>
    </ClCompile>
    <ClCompile Include="PriceSchema\HMSPriceSchemaLogV2Dialog.cpp">
      <Filter>Source Files\PriceSchema</Filter>
    </ClCompile>
    <ClCompile Include="PriceSchema\HMSPriceSchemaSetupDialog.cpp">
      <Filter>Source Files\PriceSchema</Filter>
    </ClCompile>
    <ClCompile Include="MachineSetup\HMSMachineTaskDialog.cpp">
      <Filter>Source Files\MachineSetup</Filter>
    </ClCompile>
    <ClCompile Include="MachineSetup\MachineList.cpp">
      <Filter>Source Files\MachineSetup</Filter>
    </ClCompile>
    <ClCompile Include="SignatureFormListDlg.cpp">
      <Filter>Source Files</Filter>
    </ClCompile>
    <ClCompile Include="SignatureSetupDialog.cpp">
      <Filter>Source Files</Filter>
    </ClCompile>
    <ClCompile Include="SysUserRolesDialog.cpp">
      <Filter>Source Files</Filter>
    </ClCompile>
    <ClCompile Include="SysUserRolesList.cpp">
      <Filter>Source Files</Filter>
    </ClCompile>
    <ClCompile Include="SysUserRolesPermisionDialog.cpp">
      <Filter>Source Files</Filter>
    </ClCompile>
    <ClCompile Include="SysUserRolesSettingDialog.cpp">
      <Filter>Source Files</Filter>
    </ClCompile>
    <ClCompile Include="SysUserRolesPermisionList.cpp">
      <Filter>Source Files</Filter>
    </ClCompile>
    <ClCompile Include="SysUserRolesAddUserDialog.cpp">
      <Filter>Source Files</Filter>
    </ClCompile>
    <ClCompile Include="SysUserRoleStoragePermList.cpp">
      <Filter>Source Files</Filter>
    </ClCompile>
    <ClCompile Include="HMSPerforRoomOrderSetup.cpp">
      <Filter>Source Files</Filter>
    </ClCompile>
    <ClCompile Include="HMSPerforRoomSetup.cpp">
      <Filter>Source Files</Filter>
    </ClCompile>
    <ClCompile Include="HMSSignatureFormLnSetupDlg.cpp">
      <Filter>Source Files</Filter>
    </ClCompile>
  </ItemGroup>
  <ItemGroup>
    <ClInclude Include="AdUserSetup.h">
      <Filter>Header Files</Filter>
    </ClInclude>
    <ClInclude Include="ChildView.h">
      <Filter>Header Files</Filter>
    </ClInclude>
    <ClInclude Include="CHMSCreateMultiUser.h">
      <Filter>Header Files</Filter>
    </ClInclude>
    <ClInclude Include="DanhMucNhiemKhuanBenhVien.h">
      <Filter>Header Files</Filter>
    </ClInclude>
    <ClInclude Include="HMSAdditionFeeDialog.h">
      <Filter>Header Files</Filter>
    </ClInclude>
    <ClInclude Include="HMSAdditionFeeSetupDialog.h">
      <Filter>Header Files</Filter>
    </ClInclude>
    <ClInclude Include="HMSAdditionFeeSetupDialog_new.h">
      <Filter>Header Files</Filter>
    </ClInclude>
    <ClInclude Include="HMSBedSetupDialog.h">
      <Filter>Header Files</Filter>
    </ClInclude>
    <ClInclude Include="HMSCancelRecord.h">
      <Filter>Header Files</Filter>
    </ClInclude>
    <ClInclude Include="HMSConfigSetupDlg.h">
      <Filter>Header Files</Filter>
    </ClInclude>
    <ClInclude Include="HMSCreateUser.h">
      <Filter>Header Files</Filter>
    </ClInclude>
    <ClInclude Include="HMSDynBedMap.h">
      <Filter>Header Files</Filter>
    </ClInclude>
    <ClInclude Include="HMSDynBedSetupDialog.h">
      <Filter>Header Files</Filter>
    </ClInclude>
    <ClInclude Include="HMSExaminationTypeSetup.h">
      <Filter>Header Files</Filter>
    </ClInclude>
    <ClInclude Include="HMSExamTypePermSetupDialog.h">
      <Filter>Header Files</Filter>
    </ClInclude>
    <ClInclude Include="HMSExportFeeList.h">
      <Filter>Header Files</Filter>
    </ClInclude>
    <ClInclude Include="HMSFeeListApproval.h">
      <Filter>Header Files</Filter>
    </ClInclude>
    <ClInclude Include="HMSFeeListEditDetailDialog.h">
      <Filter>Header Files</Filter>
    </ClInclude>
    <ClInclude Include="HMSFeeTabs.h">
      <Filter>Header Files</Filter>
    </ClInclude>
    <ClInclude Include="HMSFoodFeeSetup.h">
      <Filter>Header Files</Filter>
    </ClInclude>
    <ClInclude Include="HMSGroupProfileDialog.h">
      <Filter>Header Files</Filter>
    </ClInclude>
    <ClInclude Include="HMSHospitals.h">
      <Filter>Header Files</Filter>
    </ClInclude>
    <ClInclude Include="HMSHtmlFormSetupDialog.h">
      <Filter>Header Files</Filter>
    </ClInclude>
    <ClInclude Include="HMSICD10.h">
      <Filter>Header Files</Filter>
    </ClInclude>
    <ClInclude Include="HMSICD10Group.h">
      <Filter>Header Files</Filter>
    </ClInclude>
    <ClInclude Include="HMSMachineSetupDialog.h">
      <Filter>Header Files</Filter>
    </ClInclude>
    <ClInclude Include="HMSMapItemDialog.h">
      <Filter>Header Files</Filter>
    </ClInclude>
    <ClInclude Include="HMSMergeIVFDocnoDialog.h">
      <Filter>Header Files</Filter>
    </ClInclude>
    <ClInclude Include="HMSOperationListSetup.h">
      <Filter>Header Files</Filter>
    </ClInclude>
    <ClInclude Include="HMSOperationSetupDialog.h">
      <Filter>Header Files</Filter>
    </ClInclude>
    <ClInclude Include="HMSOtherFeeSetup.h">
      <Filter>Header Files</Filter>
    </ClInclude>
    <ClInclude Include="HMSParaClinicalICDSettingDialog.h">
      <Filter>Header Files</Filter>
    </ClInclude>
    <ClInclude Include="HMSParaclinicalListSetup.h">
      <Filter>Header Files</Filter>
    </ClInclude>
    <ClInclude Include="HMSParaclinicalSetupDialog.h">
      <Filter>Header Files</Filter>
    </ClInclude>
    <ClInclude Include="HMSParaclinicalSetupDialog_new.h">
      <Filter>Header Files</Filter>
    </ClInclude>
    <ClInclude Include="HMSParaclinicalSetupDialog_new2.h">
      <Filter>Header Files</Filter>
    </ClInclude>
    <ClInclude Include="HMSPerformDeptPermSetupDialog.h">
      <Filter>Header Files</Filter>
    </ClInclude>
    <ClInclude Include="HMSPermissionDialog.h">
      <Filter>Header Files</Filter>
    </ClInclude>
    <ClInclude Include="HMSPermissionDialog_v2.h">
      <Filter>Header Files</Filter>
    </ClInclude>
    <ClInclude Include="HMSRoomSetupDialog.h">
      <Filter>Header Files</Filter>
    </ClInclude>
    <ClInclude Include="HMSSetPrivorityPatient.h">
      <Filter>Header Files</Filter>
    </ClInclude>
    <ClInclude Include="HMSSettingHolidayDialog.h">
      <Filter>Header Files</Filter>
    </ClInclude>
    <ClInclude Include="HMSSignatureDialog.h">
      <Filter>Header Files</Filter>
    </ClInclude>
    <ClInclude Include="HMSTestProfileDialog.h">
      <Filter>Header Files</Filter>
    </ClInclude>
    <ClInclude Include="HMSThietLap_Miengiam_Tienan_Haucan.h">
      <Filter>Header Files</Filter>
    </ClInclude>
    <ClInclude Include="HMSThietLap_Thongtin_Miengiam.h">
      <Filter>Header Files</Filter>
    </ClInclude>
    <ClInclude Include="HMSTransferHospitalSetup.h">
      <Filter>Header Files</Filter>
    </ClInclude>
    <ClInclude Include="HMSTransferInwardPatient.h">
      <Filter>Header Files</Filter>
    </ClInclude>
    <ClInclude Include="HMSUpdateChildItemDialog.h">
      <Filter>Header Files</Filter>
    </ClInclude>
    <ClInclude Include="HMSUpdateExtraInforItemDialog.h">
      <Filter>Header Files</Filter>
    </ClInclude>
    <ClInclude Include="HMSUpdatePacsGroupDialog.h">
      <Filter>Header Files</Filter>
    </ClInclude>
    <ClInclude Include="HMSWardSetupDialog.h">
      <Filter>Header Files</Filter>
    </ClInclude>
    <ClInclude Include="INSFeeNameEditor.h">
      <Filter>Header Files</Filter>
    </ClInclude>
    <ClInclude Include="ListParaclinic.h">
      <Filter>Header Files</Filter>
    </ClInclude>
    <ClInclude Include="MainFrm.h">
      <Filter>Header Files</Filter>
    </ClInclude>
    <ClInclude Include="PMSPermSetupDialog.h">
      <Filter>Header Files</Filter>
    </ClInclude>
    <ClInclude Include="Resource.h">
      <Filter>Header Files</Filter>
    </ClInclude>
    <ClInclude Include="SearchPopupByAlias.h">
      <Filter>Header Files</Filter>
    </ClInclude>
    <ClInclude Include="stdafx.h">
      <Filter>Header Files</Filter>
    </ClInclude>
    <ClInclude Include="StorageDefaultSetupDlg.h">
      <Filter>Header Files</Filter>
    </ClInclude>
    <ClInclude Include="SysCompany.h">
      <Filter>Header Files</Filter>
    </ClInclude>
    <ClInclude Include="SysConfig.h">
      <Filter>Header Files</Filter>
    </ClInclude>
    <ClInclude Include="SysConfigConfirmDialog.h">
      <Filter>Header Files</Filter>
    </ClInclude>
    <ClInclude Include="SysConfigEditDialog.h">
      <Filter>Header Files</Filter>
    </ClInclude>
    <ClInclude Include="SYSCongGiamDinhNoiBoVIMES.h">
      <Filter>Header Files</Filter>
    </ClInclude>
    <ClInclude Include="SysDepartment.h">
      <Filter>Header Files</Filter>
    </ClInclude>
    <ClInclude Include="SysDictionarySetup.h">
      <Filter>Header Files</Filter>
    </ClInclude>
    <ClInclude Include="SysFeeWarningSetup.h">
      <Filter>Header Files</Filter>
    </ClInclude>
    <ClInclude Include="SysInsuranceCode.h">
      <Filter>Header Files</Filter>
    </ClInclude>
    <ClInclude Include="SysMessageSetup.h">
      <Filter>Header Files</Filter>
    </ClInclude>
    <ClInclude Include="SysPermission.h">
      <Filter>Header Files</Filter>
    </ClInclude>
    <ClInclude Include="SysSettingAutoCheckCardDialog.h">
      <Filter>Header Files</Filter>
    </ClInclude>
    <ClInclude Include="SysSetupAdmisionForDept.h">
      <Filter>Header Files</Filter>
    </ClInclude>
    <ClInclude Include="SysSetUpAdmissionForm.h">
      <Filter>Header Files</Filter>
    </ClInclude>
    <ClInclude Include="SysSetUpAdmissionLineForm.h">
      <Filter>Header Files</Filter>
    </ClInclude>
    <ClInclude Include="SysSetupList.h">
      <Filter>Header Files</Filter>
    </ClInclude>
    <ClInclude Include="SysSetupListDlg.h">
      <Filter>Header Files</Filter>
    </ClInclude>
    <ClInclude Include="SysUserSetup.h">
      <Filter>Header Files</Filter>
    </ClInclude>
    <ClInclude Include="VIMESAddress.h">
      <Filter>Header Files</Filter>
    </ClInclude>
    <ClInclude Include="VIMESEntryDialog.h">
      <Filter>Header Files</Filter>
    </ClInclude>
    <ClInclude Include="VIMESAdministrationMangr.h">
      <Filter>Header Files</Filter>
    </ClInclude>
    <ClInclude Include="PriceSchema\HMSExpenseDialog.h">
      <Filter>Header Files\PriceSchema</Filter>
    </ClInclude>
    <ClInclude Include="PriceSchema\HMSExpenseSetupDialog.h">
      <Filter>Header Files\PriceSchema</Filter>
    </ClInclude>
    <ClInclude Include="PriceSchema\HMSExpenseTypeDialog.h">
      <Filter>Header Files\PriceSchema</Filter>
    </ClInclude>
    <ClInclude Include="PriceSchema\HMSExpenseTypeSetupDialog.h">
      <Filter>Header Files\PriceSchema</Filter>
    </ClInclude>
    <ClInclude Include="PriceSchema\HMSFeePriceSchemaCopierDialog.h">
      <Filter>Header Files\PriceSchema</Filter>
    </ClInclude>
    <ClInclude Include="PriceSchema\HMSFeePriceSchemaLineSetupDialog.h">
      <Filter>Header Files\PriceSchema</Filter>
    </ClInclude>
    <ClInclude Include="PriceSchema\HMSFeePriceSchemaSetupDialog.h">
      <Filter>Header Files\PriceSchema</Filter>
    </ClInclude>
    <ClInclude Include="PriceSchema\HMSFeePriceSchemaView.h">
      <Filter>Header Files\PriceSchema</Filter>
    </ClInclude>
    <ClInclude Include="PriceSchema\HMSPriceSchemaCopierDialog.h">
      <Filter>Header Files\PriceSchema</Filter>
    </ClInclude>
    <ClInclude Include="PriceSchema\HMSPriceSchemaFullView.h">
      <Filter>Header Files\PriceSchema</Filter>
    </ClInclude>
    <ClInclude Include="PriceSchema\HMSPriceSchemaLineSetupDialog.h">
      <Filter>Header Files\PriceSchema</Filter>
    </ClInclude>
    <ClInclude Include="PriceSchema\HMSPriceSchemaListSetupDialog.h">
      <Filter>Header Files\PriceSchema</Filter>
    </ClInclude>
    <ClInclude Include="PriceSchema\HMSPriceSchemaLog.h">
      <Filter>Header Files\PriceSchema</Filter>
    </ClInclude>
    <ClInclude Include="PriceSchema\HMSPriceSchemaLogV2Dialog.h">
      <Filter>Header Files\PriceSchema</Filter>
    </ClInclude>
    <ClInclude Include="PriceSchema\HMSPriceSchemaSetupDialog.h">
      <Filter>Header Files\PriceSchema</Filter>
    </ClInclude>
    <ClInclude Include="MachineSetup\HMSMachineTaskDialog.h">
      <Filter>Header Files\MachineSetup</Filter>
    </ClInclude>
    <ClInclude Include="MachineSetup\MachineList.h">
      <Filter>Header Files\MachineSetup</Filter>
    </ClInclude>
    <ClInclude Include="SignatureFormListDlg.h">
      <Filter>Header Files</Filter>
    </ClInclude>
    <ClInclude Include="SignatureSetupDialog.h">
      <Filter>Header Files</Filter>
    </ClInclude>
    <ClInclude Include="SysUserRolesDialog.h">
      <Filter>Header Files</Filter>
    </ClInclude>
    <ClInclude Include="SysUserRolesList.h">
      <Filter>Header Files</Filter>
    </ClInclude>
    <ClInclude Include="SysUserRolesPermisionDialog.h">
      <Filter>Header Files</Filter>
    </ClInclude>
    <ClInclude Include="SysUserRolesSettingDialog.h">
      <Filter>Header Files</Filter>
    </ClInclude>
    <ClInclude Include="SysUserRolesPermisionList.h">
      <Filter>Header Files</Filter>
    </ClInclude>
    <ClInclude Include="SysUserRolesAddUserDialog.h">
      <Filter>Header Files</Filter>
    </ClInclude>
    <ClInclude Include="SysUserRoleStoragePermList.h">
      <Filter>Header Files</Filter>
    </ClInclude>
    <ClInclude Include="HMSPerforRoomOrderSetup.h">
      <Filter>Header Files</Filter>
    </ClInclude>
    <ClInclude Include="HMSPerforRoomSetup.h">
      <Filter>Header Files</Filter>
    </ClInclude>
    <ClInclude Include="HMSSignatureFormLnSetupDlg.h">
      <Filter>Header Files</Filter>
    </ClInclude>
  </ItemGroup>
  <ItemGroup>
    <Image Include="res\icon1.ico">
      <Filter>Resource Files</Filter>
    </Image>
    <Image Include="res\Toolbar.bmp">
      <Filter>Resource Files</Filter>
    </Image>
    <Image Include="res\VIMESSystemSetup.ico">
      <Filter>Resource Files</Filter>
    </Image>
  </ItemGroup>
  <ItemGroup>
    <ResourceCompile Include="VIMESAdministrationMangr.rc">
      <Filter>Resource Files</Filter>
    </ResourceCompile>
  </ItemGroup>
  <ItemGroup>
    <None Include="res\VIMESSystemSetup.rc2">
      <Filter>Resource Files</Filter>
    </None>
    <None Include="system.conf" />
  </ItemGroup>
  <ItemGroup>
    <Text Include="ReadMe.txt" />
  </ItemGroup>
</Project>