<?xml version="1.0" encoding="utf-8"?>
<Project ToolsVersion="4.0" xmlns="http://schemas.microsoft.com/developer/msbuild/2003">
  <ItemGroup>
    <Filter Include="Source Files">
      <UniqueIdentifier>{4FC737F1-C7A5-4376-A066-2A32D752A2FF}</UniqueIdentifier>
      <Extensions>cpp;c;cxx;def;odl;idl;hpj;bat;asm;asmx</Extensions>
    </Filter>
    <Filter Include="Header Files">
      <UniqueIdentifier>{93995380-89BD-4b04-88EB-625FBE52EBFB}</UniqueIdentifier>
      <Extensions>h;hpp;hxx;hm;inl;inc;xsd</Extensions>
    </Filter>
    <Filter Include="Resource Files">
      <UniqueIdentifier>{67DA6AB6-F800-4c08-8B7A-83BB121AAD01}</UniqueIdentifier>
      <Extensions>rc;ico;cur;bmp;dlg;rc2;rct;bin;rgs;gif;jpg;jpeg;jpe;resx</Extensions>
    </Filter>
  </ItemGroup>
  <ItemGroup>
    <ClCompile Include="CeXDib.cpp">
      <Filter>Source Files</Filter>
    </ClCompile>
    <ClCompile Include="ChildView.cpp">
      <Filter>Source Files</Filter>
    </ClCompile>
    <ClCompile Include="HMSAddPatientToBoardDlg.cpp">
      <Filter>Source Files</Filter>
    </ClCompile>
    <ClCompile Include="HMSCabinetDrugIssueDialog.cpp">
      <Filter>Source Files</Filter>
    </ClCompile>
    <ClCompile Include="HMSCancelReasonDialog.cpp">
      <Filter>Source Files</Filter>
    </ClCompile>
    <ClCompile Include="HMSGeneralSurgeryReportDialog.cpp">
      <Filter>Source Files</Filter>
    </ClCompile>
    <ClCompile Include="HMSGeneralSurgeryReportNewDialog.cpp">
      <Filter>Source Files</Filter>
    </ClCompile>
    <ClCompile Include="HMSMedicalCabinet.cpp">
      <Filter>Source Files</Filter>
    </ClCompile>
    <ClCompile Include="HMSParaclinicalInformationDialog.cpp">
      <Filter>Source Files</Filter>
    </ClCompile>
    <ClCompile Include="HMSPatientSurgeryReportListDialog.cpp">
      <Filter>Source Files</Filter>
    </ClCompile>
    <ClCompile Include="HMSReturnDrugDialog.cpp">
      <Filter>Source Files</Filter>
    </ClCompile>
    <ClCompile Include="HMSReturnDrugDialogV2.cpp">
      <Filter>Source Files</Filter>
    </ClCompile>
    <ClCompile Include="HMSSetupValidDateDialog.cpp">
      <Filter>Source Files</Filter>
    </ClCompile>
    <ClCompile Include="HMSSurgeryDocument.cpp">
      <Filter>Source Files</Filter>
    </ClCompile>
    <ClCompile Include="HMSSurgeryDutiesReportDialog.cpp">
      <Filter>Source Files</Filter>
    </ClCompile>
    <ClCompile Include="HMSSurgeryManager.cpp">
      <Filter>Source Files</Filter>
    </ClCompile>
    <ClCompile Include="HMSSurgeryMaterialDrugDialog.cpp">
      <Filter>Source Files</Filter>
    </ClCompile>
    <ClCompile Include="HMSSurgeryQueue.cpp">
      <Filter>Source Files</Filter>
    </ClCompile>
    <ClCompile Include="HMSSurgerySchedule.cpp">
      <Filter>Source Files</Filter>
    </ClCompile>
    <ClCompile Include="HMSSurgeryScheduleInfoDialog.cpp">
      <Filter>Source Files</Filter>
    </ClCompile>
    <ClCompile Include="HMSSurgeryStockInformationDialog.cpp">
      <Filter>Source Files</Filter>
    </ClCompile>
    <ClCompile Include="HMSSurgeryTypeSetupDialog.cpp">
      <Filter>Source Files</Filter>
    </ClCompile>
    <ClCompile Include="HMSTreatmentAppointment.cpp">
      <Filter>Source Files</Filter>
    </ClCompile>
    <ClCompile Include="HMSTreatmentPlanDlg.cpp">
      <Filter>Source Files</Filter>
    </ClCompile>
    <ClCompile Include="MainFrm.cpp">
      <Filter>Source Files</Filter>
    </ClCompile>
    <ClCompile Include="PMSMedicalCabinetOrder.cpp">
      <Filter>Source Files</Filter>
    </ClCompile>
    <ClCompile Include="PMSMedicalCabinetOrderEntry.cpp">
      <Filter>Source Files</Filter>
    </ClCompile>
    <ClCompile Include="PMSMedicalCabinetOrderListDialog.cpp">
      <Filter>Source Files</Filter>
    </ClCompile>
    <ClCompile Include="PMSReportConditionDruguseDialog.cpp">
      <Filter>Source Files</Filter>
    </ClCompile>
    <ClCompile Include="PMSummaryImportExportInstockForB5StocksReportDialog.cpp">
      <Filter>Source Files</Filter>
    </ClCompile>
    <ClCompile Include="PPDrawManager.cpp">
      <Filter>Source Files</Filter>
    </ClCompile>
    <ClCompile Include="PPHtmlDrawer.cpp">
      <Filter>Source Files</Filter>
    </ClCompile>
    <ClCompile Include="PPTooltip.cpp">
      <Filter>Source Files</Filter>
    </ClCompile>
    <ClCompile Include="ReportDebtMaterial.cpp">
      <Filter>Source Files</Filter>
    </ClCompile>
    <ClCompile Include="ReportDebtMaterial_v2.cpp">
      <Filter>Source Files</Filter>
    </ClCompile>
    <ClCompile Include="ReportDrugMaterialUnpick.cpp">
      <Filter>Source Files</Filter>
    </ClCompile>
    <ClCompile Include="rptBaocaoquyettoanthuocDialog.cpp">
      <Filter>Source Files</Filter>
    </ClCompile>
    <ClCompile Include="rptBaocaoquyettoanthuocVTDialog.cpp">
      <Filter>Source Files</Filter>
    </ClCompile>
    <ClCompile Include="rptBaocaoquyettoanVTDialog.cpp">
      <Filter>Source Files</Filter>
    </ClCompile>
    <ClCompile Include="rptBaocaosudungthuochuongthan.cpp">
      <Filter>Source Files</Filter>
    </ClCompile>
    <ClCompile Include="rptBaocaoxuatthuocchokhoatheodoituong.cpp">
      <Filter>Source Files</Filter>
    </ClCompile>
    <ClCompile Include="rptGeneralDepartmentUsage.cpp">
      <Filter>Source Files</Filter>
    </ClCompile>
    <ClCompile Include="rptGeneralsurgeryoftenreportedDialog.cpp">
      <Filter>Source Files</Filter>
    </ClCompile>
    <ClCompile Include="rptSurgeryScheduleAllDialog.cpp">
      <Filter>Source Files</Filter>
    </ClCompile>
    <ClCompile Include="rptSurgeryScheduleDialog.cpp">
      <Filter>Source Files</Filter>
    </ClCompile>
    <ClCompile Include="SMMSelectTypeEmergency.cpp">
      <Filter>Source Files</Filter>
    </ClCompile>
    <ClCompile Include="stdafx.cpp">
      <Filter>Source Files</Filter>
    </ClCompile>
    <ClCompile Include="WMDateCtrl.cpp">
      <Filter>Source Files</Filter>
    </ClCompile>
    <ClCompile Include="WVCellData.cpp">
      <Filter>Source Files</Filter>
    </ClCompile>
    <ClCompile Include="WVCellDataItem.cpp">
      <Filter>Source Files</Filter>
    </ClCompile>
    <ClCompile Include="HMSPatientSurgeryReportListDialog_V2.cpp">
      <Filter>Source Files</Filter>
    </ClCompile>
    <ClCompile Include="B5Thongketpttt.cpp">
      <Filter>Source Files</Filter>
    </ClCompile>
  </ItemGroup>
  <ItemGroup>
    <ClInclude Include="CeXDib.h">
      <Filter>Header Files</Filter>
    </ClInclude>
    <ClInclude Include="ChildView.h">
      <Filter>Header Files</Filter>
    </ClInclude>
    <ClInclude Include="HMSAddPatientToBoardDlg.h">
      <Filter>Header Files</Filter>
    </ClInclude>
    <ClInclude Include="HMSCabinetDrugIssueDialog.h">
      <Filter>Header Files</Filter>
    </ClInclude>
    <ClInclude Include="HMSCancelReasonDialog.h">
      <Filter>Header Files</Filter>
    </ClInclude>
    <ClInclude Include="HMSGeneralSurgeryReportDialog.h">
      <Filter>Header Files</Filter>
    </ClInclude>
    <ClInclude Include="HMSGeneralSurgeryReportNewDialog.h">
      <Filter>Header Files</Filter>
    </ClInclude>
    <ClInclude Include="HMSMedicalCabinet.h">
      <Filter>Header Files</Filter>
    </ClInclude>
    <ClInclude Include="HMSParaclinicalInformationDialog.h">
      <Filter>Header Files</Filter>
    </ClInclude>
    <ClInclude Include="HMSPatientSurgeryReportListDialog.h">
      <Filter>Header Files</Filter>
    </ClInclude>
    <ClInclude Include="HMSReturnDrugDialog.h">
      <Filter>Header Files</Filter>
    </ClInclude>
    <ClInclude Include="HMSReturnDrugDialogV2.h">
      <Filter>Header Files</Filter>
    </ClInclude>
    <ClInclude Include="HMSSetupValidDateDialog.h">
      <Filter>Header Files</Filter>
    </ClInclude>
    <ClInclude Include="HMSSurgeryDocument.h">
      <Filter>Header Files</Filter>
    </ClInclude>
    <ClInclude Include="HMSSurgeryDutiesReportDialog.h">
      <Filter>Header Files</Filter>
    </ClInclude>
    <ClInclude Include="HMSSurgeryManager.h">
      <Filter>Header Files</Filter>
    </ClInclude>
    <ClInclude Include="HMSSurgeryMaterialDrugDialog.h">
      <Filter>Header Files</Filter>
    </ClInclude>
    <ClInclude Include="HMSSurgeryQueue.h">
      <Filter>Header Files</Filter>
    </ClInclude>
    <ClInclude Include="HMSSurgerySchedule.h">
      <Filter>Header Files</Filter>
    </ClInclude>
    <ClInclude Include="HMSSurgeryScheduleInfoDialog.h">
      <Filter>Header Files</Filter>
    </ClInclude>
    <ClInclude Include="HMSSurgeryStockInformationDialog.h">
      <Filter>Header Files</Filter>
    </ClInclude>
    <ClInclude Include="HMSSurgeryTypeSetupDialog.h">
      <Filter>Header Files</Filter>
    </ClInclude>
    <ClInclude Include="HMSTreatmentAppointment.h">
      <Filter>Header Files</Filter>
    </ClInclude>
    <ClInclude Include="HMSTreatmentPlanDlg.h">
      <Filter>Header Files</Filter>
    </ClInclude>
    <ClInclude Include="MainFrm.h">
      <Filter>Header Files</Filter>
    </ClInclude>
    <ClInclude Include="PMSMedicalCabinetOrder.h">
      <Filter>Header Files</Filter>
    </ClInclude>
    <ClInclude Include="PMSMedicalCabinetOrderEntry.h">
      <Filter>Header Files</Filter>
    </ClInclude>
    <ClInclude Include="PMSMedicalCabinetOrderListDialog.h">
      <Filter>Header Files</Filter>
    </ClInclude>
    <ClInclude Include="PMSReportConditionDruguseDialog.h">
      <Filter>Header Files</Filter>
    </ClInclude>
    <ClInclude Include="PMSummaryImportExportInstockForB5StocksReportDialog.h">
      <Filter>Header Files</Filter>
    </ClInclude>
    <ClInclude Include="PPDrawManager.h">
      <Filter>Header Files</Filter>
    </ClInclude>
    <ClInclude Include="PPHtmlDrawer.h">
      <Filter>Header Files</Filter>
    </ClInclude>
    <ClInclude Include="PPTooltip.h">
      <Filter>Header Files</Filter>
    </ClInclude>
    <ClInclude Include="ReportDebtMaterial.h">
      <Filter>Header Files</Filter>
    </ClInclude>
    <ClInclude Include="ReportDebtMaterial_v2.h">
      <Filter>Header Files</Filter>
    </ClInclude>
    <ClInclude Include="ReportDrugMaterialUnpick.h">
      <Filter>Header Files</Filter>
    </ClInclude>
    <ClInclude Include="Resource.h">
      <Filter>Header Files</Filter>
    </ClInclude>
    <ClInclude Include="rptBaocaoquyettoanthuocDialog.h">
      <Filter>Header Files</Filter>
    </ClInclude>
    <ClInclude Include="rptBaocaoquyettoanthuocVTDialog.h">
      <Filter>Header Files</Filter>
    </ClInclude>
    <ClInclude Include="rptBaocaoquyettoanVTDialog.h">
      <Filter>Header Files</Filter>
    </ClInclude>
    <ClInclude Include="rptBaocaosudungthuochuongthan.h">
      <Filter>Header Files</Filter>
    </ClInclude>
    <ClInclude Include="rptBaocaoxuatthuocchokhoatheodoituong.h">
      <Filter>Header Files</Filter>
    </ClInclude>
    <ClInclude Include="rptGeneralDepartmentUsage.h">
      <Filter>Header Files</Filter>
    </ClInclude>
    <ClInclude Include="rptGeneralsurgeryoftenreportedDialog.h">
      <Filter>Header Files</Filter>
    </ClInclude>
    <ClInclude Include="rptSurgeryScheduleAllDialog.h">
      <Filter>Header Files</Filter>
    </ClInclude>
    <ClInclude Include="rptSurgeryScheduleDialog.h">
      <Filter>Header Files</Filter>
    </ClInclude>
    <ClInclude Include="SMMSelectTypeEmergency.h">
      <Filter>Header Files</Filter>
    </ClInclude>
    <ClInclude Include="stdafx.h">
      <Filter>Header Files</Filter>
    </ClInclude>
    <ClInclude Include="WMDateCtrl.h">
      <Filter>Header Files</Filter>
    </ClInclude>
    <ClInclude Include="WVCellData.h">
      <Filter>Header Files</Filter>
    </ClInclude>
    <ClInclude Include="WVCellDataItem.h">
      <Filter>Header Files</Filter>
    </ClInclude>
    <ClInclude Include="HMSPatientSurgeryReportListDialog_V2.h">
      <Filter>Header Files</Filter>
    </ClInclude>
    <ClInclude Include="B5Thongketpttt.h">
      <Filter>Header Files</Filter>
    </ClInclude>
  </ItemGroup>
  <ItemGroup>
    <Image Include="res\bmpremin.bmp">
      <Filter>Resource Files</Filter>
    </Image>
    <Image Include="res\HMSSurgeryManager.ico">
      <Filter>Resource Files</Filter>
    </Image>
    <Image Include="res\icon1.ico">
      <Filter>Resource Files</Filter>
    </Image>
    <Image Include="res\Toolbar.bmp">
      <Filter>Resource Files</Filter>
    </Image>
  </ItemGroup>
  <ItemGroup>
    <ResourceCompile Include="HMSSurgeryManager.rc">
      <Filter>Resource Files</Filter>
    </ResourceCompile>
  </ItemGroup>
  <ItemGroup>
    <None Include="res\HMSSurgeryManager.rc2">
      <Filter>Resource Files</Filter>
    </None>
  </ItemGroup>
  <ItemGroup>
    <Manifest Include="res\HMSSurgeryManager.manifest" />
  </ItemGroup>
  <ItemGroup>
    <Text Include="ReadMe.txt" />
  </ItemGroup>
</Project>