<?xml version="1.0" encoding="utf-8"?>
<Project ToolsVersion="4.0" xmlns="http://schemas.microsoft.com/developer/msbuild/2003">
  <ItemGroup>
    <Filter Include="Source Files">
      <UniqueIdentifier>{4FC737F1-C7A5-4376-A066-2A32D752A2FF}</UniqueIdentifier>
      <Extensions>cpp;c;cxx;def;odl;idl;hpj;bat;asm;asmx</Extensions>
    </Filter>
    <Filter Include="Header Files">
      <UniqueIdentifier>{93995380-89BD-4b04-88EB-625FBE52EBFB}</UniqueIdentifier>
      <Extensions>h;hpp;hxx;hm;inl;inc;xsd</Extensions>
    </Filter>
    <Filter Include="Resource Files">
      <UniqueIdentifier>{67DA6AB6-F800-4c08-8B7A-83BB121AAD01}</UniqueIdentifier>
      <Extensions>rc;ico;cur;bmp;dlg;rc2;rct;bin;rgs;gif;jpg;jpeg;jpe;resx</Extensions>
    </Filter>
  </ItemGroup>
  <ItemGroup>
    <ClCompile Include="CardStorageListView.cpp">
      <Filter>Source Files</Filter>
    </ClCompile>
    <ClCompile Include="CheckPackageTime.cpp">
      <Filter>Source Files</Filter>
    </ClCompile>
    <ClCompile Include="ChildView.cpp">
      <Filter>Source Files</Filter>
    </ClCompile>
    <ClCompile Include="CustomerVisitListView.cpp">
      <Filter>Source Files</Filter>
    </ClCompile>
    <ClCompile Include="CustomerVisitRegisterDialog.cpp">
      <Filter>Source Files</Filter>
    </ClCompile>
    <ClCompile Include="CustomerVisitRegisterDialogEX.cpp">
      <Filter>Source Files</Filter>
    </ClCompile>
    <ClCompile Include="HMSExtraPatientPackageDialog.cpp">
      <Filter>Source Files</Filter>
    </ClCompile>
    <ClCompile Include="HMSRegisterPackageDialog.cpp">
      <Filter>Source Files</Filter>
    </ClCompile>
    <ClCompile Include="HMSTakecareEvalUserDialog.cpp">
      <Filter>Source Files</Filter>
    </ClCompile>
    <ClCompile Include="HMSVisitInfoDialog.cpp">
      <Filter>Source Files</Filter>
    </ClCompile>
    <ClCompile Include="MainFrm.cpp">
      <Filter>Source Files</Filter>
    </ClCompile>
    <ClCompile Include="ServicePackageListView.cpp">
      <Filter>Source Files</Filter>
    </ClCompile>
    <ClCompile Include="stdafx.cpp">
      <Filter>Source Files</Filter>
    </ClCompile>
    <ClCompile Include="TakeCareServicePackageListView.cpp">
      <Filter>Source Files</Filter>
    </ClCompile>
    <ClCompile Include="VIMESVisitPatientsMangr.cpp">
      <Filter>Source Files</Filter>
    </ClCompile>
    <ClCompile Include="VisitPatientListView.cpp">
      <Filter>Source Files</Filter>
    </ClCompile>
    <ClCompile Include="VPMActionHistory.cpp">
      <Filter>Source Files</Filter>
    </ClCompile>
    <ClCompile Include="VPMPackageCategorySetup.cpp">
      <Filter>Source Files</Filter>
    </ClCompile>
    <ClCompile Include="WeelchairmanagementListView.cpp">
      <Filter>Source Files</Filter>
    </ClCompile>
    <ClCompile Include="WeelChairRegisterDialog.cpp">
      <Filter>Source Files</Filter>
    </ClCompile>
  </ItemGroup>
  <ItemGroup>
    <ClInclude Include="CardStorageListView.h">
      <Filter>Header Files</Filter>
    </ClInclude>
    <ClInclude Include="CheckPackageTime.h">
      <Filter>Header Files</Filter>
    </ClInclude>
    <ClInclude Include="ChildView.h">
      <Filter>Header Files</Filter>
    </ClInclude>
    <ClInclude Include="CustomerVisitListView.h">
      <Filter>Header Files</Filter>
    </ClInclude>
    <ClInclude Include="CustomerVisitRegisterDialog.h">
      <Filter>Header Files</Filter>
    </ClInclude>
    <ClInclude Include="CustomerVisitRegisterDialogEX.h">
      <Filter>Header Files</Filter>
    </ClInclude>
    <ClInclude Include="HMSExtraPatientPackageDialog.h">
      <Filter>Header Files</Filter>
    </ClInclude>
    <ClInclude Include="HMSRegisterPackageDialog.h">
      <Filter>Header Files</Filter>
    </ClInclude>
    <ClInclude Include="HMSTakecareEvalUserDialog.h">
      <Filter>Header Files</Filter>
    </ClInclude>
    <ClInclude Include="HMSVisitInfoDialog.h">
      <Filter>Header Files</Filter>
    </ClInclude>
    <ClInclude Include="MainFrm.h">
      <Filter>Header Files</Filter>
    </ClInclude>
    <ClInclude Include="Resource.h">
      <Filter>Header Files</Filter>
    </ClInclude>
    <ClInclude Include="ServicePackageListView.h">
      <Filter>Header Files</Filter>
    </ClInclude>
    <ClInclude Include="stdafx.h">
      <Filter>Header Files</Filter>
    </ClInclude>
    <ClInclude Include="TakeCareServicePackageListView.h">
      <Filter>Header Files</Filter>
    </ClInclude>
    <ClInclude Include="VIMESVisitPatientsMangr.h">
      <Filter>Header Files</Filter>
    </ClInclude>
    <ClInclude Include="VisitPatientListView.h">
      <Filter>Header Files</Filter>
    </ClInclude>
    <ClInclude Include="VPMActionHistory.h">
      <Filter>Header Files</Filter>
    </ClInclude>
    <ClInclude Include="VPMPackageCategorySetup.h">
      <Filter>Header Files</Filter>
    </ClInclude>
    <ClInclude Include="WeelchairmanagementListView.h">
      <Filter>Header Files</Filter>
    </ClInclude>
    <ClInclude Include="WeelChairRegisterDialog.h">
      <Filter>Header Files</Filter>
    </ClInclude>
  </ItemGroup>
  <ItemGroup>
    <Image Include="res\Toolbar.bmp">
      <Filter>Resource Files</Filter>
    </Image>
    <Image Include="res\VIMESVisitPatientsMangr.ico">
      <Filter>Resource Files</Filter>
    </Image>
  </ItemGroup>
  <ItemGroup>
    <ResourceCompile Include="VIMESVisitPatientsMangr.rc">
      <Filter>Resource Files</Filter>
    </ResourceCompile>
  </ItemGroup>
  <ItemGroup>
    <None Include="res\VIMESVisitPatientsMangr.rc2">
      <Filter>Resource Files</Filter>
    </None>
  </ItemGroup>
  <ItemGroup>
    <Text Include="ReadMe.txt" />
  </ItemGroup>
  <ItemGroup>
    <Manifest Include="res\VIMESVisitPatientsMangr.manifest" />
  </ItemGroup>
</Project>