
Microsoft Visual Studio Solution File, Format Version 12.00
# Visual Studio Version 17
VisualStudioVersion = 17.9.34622.214
MinimumVisualStudioVersion = 10.0.40219.1
Project("{8BC9CEB8-8B4A-11D0-8D11-00A0C91BC942}") = "HMSReportMangr", "HMSReportMangr.vcxproj", "{A6328A50-62C9-4243-AB9B-FAF0ACEFC4DE}"
EndProject
Global
	GlobalSection(SolutionConfigurationPlatforms) = preSolution
		Debug|x86 = Debug|x86
		Release|x86 = Release|x86
	EndGlobalSection
	GlobalSection(ProjectConfigurationPlatforms) = postSolution
		{A6328A50-62C9-4243-AB9B-FAF0ACEFC4DE}.Debug|x86.ActiveCfg = Debug|Win32
		{A6328A50-62C9-4243-AB9B-FAF0ACEFC4DE}.Debug|x86.Build.0 = Debug|Win32
		{A6328A50-62C9-4243-AB9B-FAF0ACEFC4DE}.Release|x86.ActiveCfg = Release|Win32
		{A6328A50-62C9-4243-AB9B-FAF0ACEFC4DE}.Release|x86.Build.0 = Release|Win32
	EndGlobalSection
	GlobalSection(SolutionProperties) = preSolution
		HideSolutionNode = FALSE
	EndGlobalSection
	GlobalSection(ExtensibilityGlobals) = postSolution
		SolutionGuid = {97604E51-A2C6-4E0C-B3E4-224FD0FE3AFB}
	EndGlobalSection
EndGlobal
