<?xml version="1.0" encoding="utf-8"?>
<Project ToolsVersion="4.0" xmlns="http://schemas.microsoft.com/developer/msbuild/2003">
  <ItemGroup>
    <Filter Include="Source Files">
      <UniqueIdentifier>{4FC737F1-C7A5-4376-A066-2A32D752A2FF}</UniqueIdentifier>
      <Extensions>cpp;c;cxx;def;odl;idl;hpj;bat;asm;asmx</Extensions>
    </Filter>
    <Filter Include="Header Files">
      <UniqueIdentifier>{93995380-89BD-4b04-88EB-625FBE52EBFB}</UniqueIdentifier>
      <Extensions>h;hpp;hxx;hm;inl;inc;xsd</Extensions>
    </Filter>
    <Filter Include="Resource Files">
      <UniqueIdentifier>{67DA6AB6-F800-4c08-8B7A-83BB121AAD01}</UniqueIdentifier>
      <Extensions>rc;ico;cur;bmp;dlg;rc2;rct;bin;rgs;gif;jpg;jpeg;jpe;resx</Extensions>
    </Filter>
    <Filter Include="Reports">
      <UniqueIdentifier>{123b4a41-d4a5-423e-9dbe-6be7292e647b}</UniqueIdentifier>
    </Filter>
  </ItemGroup>
  <ItemGroup>
    <ClCompile Include="ChildView.cpp">
      <Filter>Source Files</Filter>
    </ClCompile>
    <ClCompile Include="DataPurchaseOrderList.cpp">
      <Filter>Source Files</Filter>
    </ClCompile>
    <ClCompile Include="FMCashBookDialog.cpp">
      <Filter>Source Files</Filter>
    </ClCompile>
    <ClCompile Include="FMDrugRefundDialog.cpp">
      <Filter>Source Files</Filter>
    </ClCompile>
    <ClCompile Include="FMInvoiceListDetailDialog.cpp">
      <Filter>Source Files</Filter>
    </ClCompile>
    <ClCompile Include="FMReceiptReasonDialog.cpp">
      <Filter>Source Files</Filter>
    </ClCompile>
    <ClCompile Include="FMSummaryPaymentAndReceiptDialog.cpp">
      <Filter>Source Files</Filter>
    </ClCompile>
    <ClCompile Include="FMUpdateCashBookDialog.cpp">
      <Filter>Source Files</Filter>
    </ClCompile>
    <ClCompile Include="FormFooterSetup.cpp">
      <Filter>Source Files</Filter>
    </ClCompile>
    <ClCompile Include="HFPayMentOnlineList.cpp">
      <Filter>Source Files</Filter>
    </ClCompile>
    <ClCompile Include="HMS_FEE_NOTE.cpp">
      <Filter>Source Files</Filter>
    </ClCompile>
    <ClCompile Include="HMSAdditionalFeeList.cpp">
      <Filter>Source Files</Filter>
    </ClCompile>
    <ClCompile Include="HMSBankPaymentInfoDialog.cpp">
      <Filter>Source Files</Filter>
    </ClCompile>
    <ClCompile Include="HMSCancelReasonDialog.cpp">
      <Filter>Source Files</Filter>
    </ClCompile>
    <ClCompile Include="HMSCashListView.cpp">
      <Filter>Source Files</Filter>
    </ClCompile>
    <ClCompile Include="HMSCashManagerView.cpp">
      <Filter>Source Files</Filter>
    </ClCompile>
    <ClCompile Include="HMSCashOrderView.cpp">
      <Filter>Source Files</Filter>
    </ClCompile>
    <ClCompile Include="HMSCashPostDialog.cpp">
      <Filter>Source Files</Filter>
    </ClCompile>
    <ClCompile Include="HMSCashVoucherDialog.cpp">
      <Filter>Source Files</Filter>
    </ClCompile>
    <ClCompile Include="HMSCheckDrugExistDialog.cpp">
      <Filter>Source Files</Filter>
    </ClCompile>
    <ClCompile Include="HMSChuyennguonngansachTTbenhnhancovid19.cpp">
      <Filter>Source Files</Filter>
    </ClCompile>
    <ClCompile Include="HMSChuyennguonngansachTTbenhnhancovid19pk.cpp">
      <Filter>Source Files</Filter>
    </ClCompile>
    <ClCompile Include="HMSChuyennguonngansachTTbenhnhanquanchitiet.cpp">
      <Filter>Source Files</Filter>
    </ClCompile>
    <ClCompile Include="HMSChuyennguonngansachTTbenhnhanquancovid19.cpp">
      <Filter>Source Files</Filter>
    </ClCompile>
    <ClCompile Include="HMSChuyennguonngansachTTbenhnhanquanPKchitiet.cpp">
      <Filter>Source Files</Filter>
    </ClCompile>
    <ClCompile Include="HMSCloseoutDialog.cpp">
      <Filter>Source Files</Filter>
    </ClCompile>
    <ClCompile Include="HMSDepositAdmissionDialog.cpp">
      <Filter>Source Files</Filter>
    </ClCompile>
    <ClCompile Include="HMSDepositPatientList.cpp">
      <Filter>Source Files</Filter>
    </ClCompile>
    <ClCompile Include="HMSDepositRefundDialog.cpp">
      <Filter>Source Files</Filter>
    </ClCompile>
    <ClCompile Include="HMSDetailEletronicDialog.cpp">
      <Filter>Source Files</Filter>
    </ClCompile>
    <ClCompile Include="HMSDischargePaymentDialog.cpp">
      <Filter>Source Files</Filter>
    </ClCompile>
    <ClCompile Include="HMSDiscountLineDialog.cpp">
      <Filter>Source Files</Filter>
    </ClCompile>
    <ClCompile Include="HMSDiscountVoucherDialog.cpp">
      <Filter>Source Files</Filter>
    </ClCompile>
    <ClCompile Include="HMSDiscountVoucherInput.cpp">
      <Filter>Source Files</Filter>
    </ClCompile>
    <ClCompile Include="HMSDiscountVoucherLineDialog.cpp">
      <Filter>Source Files</Filter>
    </ClCompile>
    <ClCompile Include="HMSEditCardDateDialog.cpp">
      <Filter>Source Files</Filter>
    </ClCompile>
    <ClCompile Include="HMSEditInvoiceEletronicDialog.cpp">
      <Filter>Source Files</Filter>
    </ClCompile>
    <ClCompile Include="HMSEditOtherFeeDialog.cpp">
      <Filter>Source Files</Filter>
    </ClCompile>
    <ClCompile Include="HMSEelectronicControlDialog.cpp">
      <Filter>Source Files</Filter>
    </ClCompile>
    <ClCompile Include="HMSEelectronicDialog.cpp">
      <Filter>Source Files</Filter>
    </ClCompile>
    <ClCompile Include="HMSEelectronicListDialog.cpp">
      <Filter>Source Files</Filter>
    </ClCompile>
    <ClCompile Include="HMSEelectronicOrderDialog.cpp">
      <Filter>Source Files</Filter>
    </ClCompile>
    <ClCompile Include="HMSEletronicConfirmDialog.cpp">
      <Filter>Source Files</Filter>
    </ClCompile>
    <ClCompile Include="HMSFeeDepositDialog.cpp">
      <Filter>Source Files</Filter>
    </ClCompile>
    <ClCompile Include="HMSFeeDiscountDialog.cpp">
      <Filter>Source Files</Filter>
    </ClCompile>
    <ClCompile Include="HMSFeeDiscountInvoiceDialog.cpp">
      <Filter>Source Files</Filter>
    </ClCompile>
    <ClCompile Include="HMSFeeDiscountLineDialog.cpp">
      <Filter>Source Files</Filter>
    </ClCompile>
    <ClCompile Include="HMSFeeRefundDetailDialog.cpp">
      <Filter>Source Files</Filter>
    </ClCompile>
    <ClCompile Include="HMSFeeRefundDialog.cpp">
      <Filter>Source Files</Filter>
    </ClCompile>
    <ClCompile Include="HMSFeeRefundInvoiceDialog.cpp">
      <Filter>Source Files</Filter>
    </ClCompile>
    <ClCompile Include="HMSFeeRefundInvoiceDialogEX.cpp">
      <Filter>Source Files</Filter>
    </ClCompile>
    <ClCompile Include="HMSFeeRefundInvoiceServicePkgDialog.cpp">
      <Filter>Source Files</Filter>
    </ClCompile>
    <ClCompile Include="HMSHospitalFee.cpp">
      <Filter>Source Files</Filter>
    </ClCompile>
    <ClCompile Include="HMSInpatientChargeFeeDialog.cpp">
      <Filter>Source Files</Filter>
    </ClCompile>
    <ClCompile Include="HMSInpatientList.cpp">
      <Filter>Source Files</Filter>
    </ClCompile>
    <ClCompile Include="HMSInsuranceApprovalDialog.cpp">
      <Filter>Source Files</Filter>
    </ClCompile>
    <ClCompile Include="HMSInsuranceApproveDocDialog.cpp">
      <Filter>Source Files</Filter>
    </ClCompile>
    <ClCompile Include="HMSInsuranceCardSettingDialog.cpp">
      <Filter>Source Files</Filter>
    </ClCompile>
    <ClCompile Include="HMSInvoiceDateSettingDialog.cpp">
      <Filter>Source Files</Filter>
    </ClCompile>
    <ClCompile Include="HMSModifyItemDialog.cpp">
      <Filter>Source Files</Filter>
    </ClCompile>
    <ClCompile Include="HMSOtherFeeRefundDialog.cpp">
      <Filter>Source Files</Filter>
    </ClCompile>
    <ClCompile Include="HMSOtherInvoiceDialog.cpp">
      <Filter>Source Files</Filter>
    </ClCompile>
    <ClCompile Include="HMSOtherRefundDialog.cpp">
      <Filter>Source Files</Filter>
    </ClCompile>
    <ClCompile Include="HMSOutPatientList.cpp">
      <Filter>Source Files</Filter>
    </ClCompile>
    <ClCompile Include="HMSPatientInforDialog.cpp">
      <Filter>Source Files</Filter>
    </ClCompile>
    <ClCompile Include="HMSPatientPaymentOrderDialog.cpp">
      <Filter>Source Files</Filter>
    </ClCompile>
    <ClCompile Include="HMSPatientProfiles.cpp">
      <Filter>Source Files</Filter>
    </ClCompile>
    <ClCompile Include="HMSPaymentMethodSettingDialog.cpp">
      <Filter>Source Files</Filter>
    </ClCompile>
    <ClCompile Include="HMSPaymentReceiptDialog.cpp">
      <Filter>Source Files</Filter>
    </ClCompile>
    <ClCompile Include="HMSPaymentSourceDialog.cpp">
      <Filter>Source Files</Filter>
    </ClCompile>
    <ClCompile Include="HMSPaymentSourceEXDialog.cpp">
      <Filter>Source Files</Filter>
    </ClCompile>
    <ClCompile Include="HMSPOSTEelectronicControlDialog.cpp">
      <Filter>Source Files</Filter>
    </ClCompile>
    <ClCompile Include="HMSPrescriptionApproveDialog.cpp">
      <Filter>Source Files</Filter>
    </ClCompile>
    <ClCompile Include="HMSPrintRefundDialog.cpp">
      <Filter>Source Files</Filter>
    </ClCompile>
    <ClCompile Include="HMSPrintSheet.cpp">
      <Filter>Source Files</Filter>
    </ClCompile>
    <ClCompile Include="HMSReceiptDialog.cpp">
      <Filter>Source Files</Filter>
    </ClCompile>
    <ClCompile Include="HMSReceiptSetupDialog.cpp">
      <Filter>Source Files</Filter>
    </ClCompile>
    <ClCompile Include="HMSSearchForCardDialog.cpp">
      <Filter>Source Files</Filter>
    </ClCompile>
    <ClCompile Include="HMSSetupRegimeFeeDialog.cpp">
      <Filter>Source Files</Filter>
    </ClCompile>
    <ClCompile Include="HMSTerminateDocument.cpp">
      <Filter>Source Files</Filter>
    </ClCompile>
    <ClCompile Include="HMSThietLap_Mien_Thuoc_ungthu.cpp">
      <Filter>Source Files</Filter>
    </ClCompile>
    <ClCompile Include="HMSTrackingPatientFeeDialog.cpp">
      <Filter>Source Files</Filter>
    </ClCompile>
    <ClCompile Include="HMSUpdateEInvoiceDialog.cpp">
      <Filter>Source Files</Filter>
    </ClCompile>
    <ClCompile Include="HMSUpdateOver5YearInformation.cpp">
      <Filter>Source Files</Filter>
    </ClCompile>
    <ClCompile Include="MainFrm.cpp">
      <Filter>Source Files</Filter>
    </ClCompile>
    <ClCompile Include="OnUnUploadtoInsGate.cpp">
      <Filter>Source Files</Filter>
    </ClCompile>
    <ClCompile Include="stdafx.cpp">
      <Filter>Source Files</Filter>
    </ClCompile>
    <ClCompile Include="FMFeeRefundOrderDialog.cpp">
      <Filter>Source Files</Filter>
    </ClCompile>
    <ClCompile Include="FMUpdateQrPaymentMethodDialog.cpp">
      <Filter>Source Files</Filter>
    </ClCompile>
    <ClCompile Include="HMSCheckQRPayDlg.cpp">
      <Filter>Source Files</Filter>
    </ClCompile>
    <ClCompile Include="HMSThietLap_Thongtin_Congty.cpp">
      <Filter>Source Files</Filter>
    </ClCompile>
    <ClCompile Include="SysDepartment_V2.cpp">
      <Filter>Source Files</Filter>
    </ClCompile>
    <ClCompile Include="HMSInputCompanyOnInvoice.cpp">
      <Filter>Source Files</Filter>
    </ClCompile>
  </ItemGroup>
  <ItemGroup>
    <ClInclude Include="ChildView.h">
      <Filter>Header Files</Filter>
    </ClInclude>
    <ClInclude Include="DataPurchaseOrderList.h">
      <Filter>Header Files</Filter>
    </ClInclude>
    <ClInclude Include="FMCashBookDialog.h">
      <Filter>Header Files</Filter>
    </ClInclude>
    <ClInclude Include="FMDrugRefundDialog.h">
      <Filter>Header Files</Filter>
    </ClInclude>
    <ClInclude Include="FMInvoiceListDetailDialog.h">
      <Filter>Header Files</Filter>
    </ClInclude>
    <ClInclude Include="FMReceiptReasonDialog.h">
      <Filter>Header Files</Filter>
    </ClInclude>
    <ClInclude Include="FMSummaryPaymentAndReceiptDialog.h">
      <Filter>Header Files</Filter>
    </ClInclude>
    <ClInclude Include="FMUpdateCashBookDialog.h">
      <Filter>Header Files</Filter>
    </ClInclude>
    <ClInclude Include="FormFooterSetup.h">
      <Filter>Header Files</Filter>
    </ClInclude>
    <ClInclude Include="HFPayMentOnlineList.h">
      <Filter>Header Files</Filter>
    </ClInclude>
    <ClInclude Include="HMS_FEE_NOTE.h">
      <Filter>Header Files</Filter>
    </ClInclude>
    <ClInclude Include="HMSAdditionalFeeList.h">
      <Filter>Header Files</Filter>
    </ClInclude>
    <ClInclude Include="HMSBankPaymentInfoDialog.h">
      <Filter>Header Files</Filter>
    </ClInclude>
    <ClInclude Include="HMSCancelReasonDialog.h">
      <Filter>Header Files</Filter>
    </ClInclude>
    <ClInclude Include="HMSCashListView.h">
      <Filter>Header Files</Filter>
    </ClInclude>
    <ClInclude Include="HMSCashManagerView.h">
      <Filter>Header Files</Filter>
    </ClInclude>
    <ClInclude Include="HMSCashOrderView.h">
      <Filter>Header Files</Filter>
    </ClInclude>
    <ClInclude Include="HMSCashPostDialog.h">
      <Filter>Header Files</Filter>
    </ClInclude>
    <ClInclude Include="HMSCashVoucherDialog.h">
      <Filter>Header Files</Filter>
    </ClInclude>
    <ClInclude Include="HMSCheckDrugExistDialog.h">
      <Filter>Header Files</Filter>
    </ClInclude>
    <ClInclude Include="HMSChuyennguonngansachTTbenhnhancovid19.h">
      <Filter>Header Files</Filter>
    </ClInclude>
    <ClInclude Include="HMSChuyennguonngansachTTbenhnhancovid19pk.h">
      <Filter>Header Files</Filter>
    </ClInclude>
    <ClInclude Include="HMSChuyennguonngansachTTbenhnhanquanchitiet.h">
      <Filter>Header Files</Filter>
    </ClInclude>
    <ClInclude Include="HMSChuyennguonngansachTTbenhnhanquancovid19.h">
      <Filter>Header Files</Filter>
    </ClInclude>
    <ClInclude Include="HMSChuyennguonngansachTTbenhnhanquanPKchitiet.h">
      <Filter>Header Files</Filter>
    </ClInclude>
    <ClInclude Include="HMSCloseoutDialog.h">
      <Filter>Header Files</Filter>
    </ClInclude>
    <ClInclude Include="HMSDepositAdmissionDialog.h">
      <Filter>Header Files</Filter>
    </ClInclude>
    <ClInclude Include="HMSDepositPatientist.h">
      <Filter>Header Files</Filter>
    </ClInclude>
    <ClInclude Include="HMSDepositPatientList.h">
      <Filter>Header Files</Filter>
    </ClInclude>
    <ClInclude Include="HMSDepositRefundDialog.h">
      <Filter>Header Files</Filter>
    </ClInclude>
    <ClInclude Include="HMSDetailEletronicDialog.h">
      <Filter>Header Files</Filter>
    </ClInclude>
    <ClInclude Include="HMSDischargePaymentDialog.h">
      <Filter>Header Files</Filter>
    </ClInclude>
    <ClInclude Include="HMSDiscountLineDialog.h">
      <Filter>Header Files</Filter>
    </ClInclude>
    <ClInclude Include="HMSDiscountVoucherDialog.h">
      <Filter>Header Files</Filter>
    </ClInclude>
    <ClInclude Include="HMSDiscountVoucherInput.h">
      <Filter>Header Files</Filter>
    </ClInclude>
    <ClInclude Include="HMSDiscountVoucherLineDialog.h">
      <Filter>Header Files</Filter>
    </ClInclude>
    <ClInclude Include="HMSEditCardDateDialog.h">
      <Filter>Header Files</Filter>
    </ClInclude>
    <ClInclude Include="HMSEditInvoiceEletronicDialog.h">
      <Filter>Header Files</Filter>
    </ClInclude>
    <ClInclude Include="HMSEditOtherFeeDialog.h">
      <Filter>Header Files</Filter>
    </ClInclude>
    <ClInclude Include="HMSEelectronicControlDialog.h">
      <Filter>Header Files</Filter>
    </ClInclude>
    <ClInclude Include="HMSEelectronicDialog.h">
      <Filter>Header Files</Filter>
    </ClInclude>
    <ClInclude Include="HMSEelectronicListDialog.h">
      <Filter>Header Files</Filter>
    </ClInclude>
    <ClInclude Include="HMSEelectronicOrderDialog.h">
      <Filter>Header Files</Filter>
    </ClInclude>
    <ClInclude Include="HMSEletronicConfirmDialog.h">
      <Filter>Header Files</Filter>
    </ClInclude>
    <ClInclude Include="HMSFeeDepositDialog.h">
      <Filter>Header Files</Filter>
    </ClInclude>
    <ClInclude Include="HMSFeeDiscountDialog.h">
      <Filter>Header Files</Filter>
    </ClInclude>
    <ClInclude Include="HMSFeeDiscountInvoiceDialog.h">
      <Filter>Header Files</Filter>
    </ClInclude>
    <ClInclude Include="HMSFeeDiscountLineDialog.h">
      <Filter>Header Files</Filter>
    </ClInclude>
    <ClInclude Include="HMSFeeRefundDetailDialog.h">
      <Filter>Header Files</Filter>
    </ClInclude>
    <ClInclude Include="HMSFeeRefundDialog.h">
      <Filter>Header Files</Filter>
    </ClInclude>
    <ClInclude Include="HMSFeeRefundInvoiceDialog.h">
      <Filter>Header Files</Filter>
    </ClInclude>
    <ClInclude Include="HMSFeeRefundInvoiceDialogEX.h">
      <Filter>Header Files</Filter>
    </ClInclude>
    <ClInclude Include="HMSFeeRefundInvoiceServicePkgDialog.h">
      <Filter>Header Files</Filter>
    </ClInclude>
    <ClInclude Include="HMSHospitalFee.h">
      <Filter>Header Files</Filter>
    </ClInclude>
    <ClInclude Include="HMSInpatientChargeFeeDialog.h">
      <Filter>Header Files</Filter>
    </ClInclude>
    <ClInclude Include="HMSInpatientList.h">
      <Filter>Header Files</Filter>
    </ClInclude>
    <ClInclude Include="HMSInsuranceApprovalDialog.h">
      <Filter>Header Files</Filter>
    </ClInclude>
    <ClInclude Include="HMSInsuranceApproveDocDialog.h">
      <Filter>Header Files</Filter>
    </ClInclude>
    <ClInclude Include="HMSInsuranceCardSettingDialog.h">
      <Filter>Header Files</Filter>
    </ClInclude>
    <ClInclude Include="HMSInvoiceDateSettingDialog.h">
      <Filter>Header Files</Filter>
    </ClInclude>
    <ClInclude Include="HMSModifyItemDialog.h">
      <Filter>Header Files</Filter>
    </ClInclude>
    <ClInclude Include="HMSOtherFeeRefundDialog.h">
      <Filter>Header Files</Filter>
    </ClInclude>
    <ClInclude Include="HMSOtherInvoiceDialog.h">
      <Filter>Header Files</Filter>
    </ClInclude>
    <ClInclude Include="HMSOtherRefundDialog.h">
      <Filter>Header Files</Filter>
    </ClInclude>
    <ClInclude Include="HMSOutPatientList.h">
      <Filter>Header Files</Filter>
    </ClInclude>
    <ClInclude Include="HMSPatientInforDialog.h">
      <Filter>Header Files</Filter>
    </ClInclude>
    <ClInclude Include="HMSPatientPaymentOrderDialog.h">
      <Filter>Header Files</Filter>
    </ClInclude>
    <ClInclude Include="HMSPatientProfiles.h">
      <Filter>Header Files</Filter>
    </ClInclude>
    <ClInclude Include="HMSPaymentMethodSettingDialog.h">
      <Filter>Header Files</Filter>
    </ClInclude>
    <ClInclude Include="HMSPaymentReceiptDialog.h">
      <Filter>Header Files</Filter>
    </ClInclude>
    <ClInclude Include="HMSPaymentSourceDialog.h">
      <Filter>Header Files</Filter>
    </ClInclude>
    <ClInclude Include="HMSPaymentSourceEXDialog.h">
      <Filter>Header Files</Filter>
    </ClInclude>
    <ClInclude Include="HMSPOSTEelectronicControlDialog.h">
      <Filter>Header Files</Filter>
    </ClInclude>
    <ClInclude Include="HMSPrescriptionApproveDialog.h">
      <Filter>Header Files</Filter>
    </ClInclude>
    <ClInclude Include="HMSPrintRefundDialog.h">
      <Filter>Header Files</Filter>
    </ClInclude>
    <ClInclude Include="HMSPrintSheet.h">
      <Filter>Header Files</Filter>
    </ClInclude>
    <ClInclude Include="HMSReceiptDialog.h">
      <Filter>Header Files</Filter>
    </ClInclude>
    <ClInclude Include="HMSReceiptSetupDialog.h">
      <Filter>Header Files</Filter>
    </ClInclude>
    <ClInclude Include="HMSSearchForCardDialog.h">
      <Filter>Header Files</Filter>
    </ClInclude>
    <ClInclude Include="HMSSetupRegimeFeeDialog.h">
      <Filter>Header Files</Filter>
    </ClInclude>
    <ClInclude Include="HMSTerminateDocument.h">
      <Filter>Header Files</Filter>
    </ClInclude>
    <ClInclude Include="HMSThietLap_Mien_Thuoc_ungthu.h">
      <Filter>Header Files</Filter>
    </ClInclude>
    <ClInclude Include="HMSTrackingPatientFeeDialog.h">
      <Filter>Header Files</Filter>
    </ClInclude>
    <ClInclude Include="HMSUpdateEInvoiceDialog.h">
      <Filter>Header Files</Filter>
    </ClInclude>
    <ClInclude Include="HMSUpdateOver5YearInformation.h">
      <Filter>Header Files</Filter>
    </ClInclude>
    <ClInclude Include="MainFrm.h">
      <Filter>Header Files</Filter>
    </ClInclude>
    <ClInclude Include="OnUnUploadtoInsGate.h">
      <Filter>Header Files</Filter>
    </ClInclude>
    <ClInclude Include="Resource.h">
      <Filter>Header Files</Filter>
    </ClInclude>
    <ClInclude Include="stdafx.h">
      <Filter>Header Files</Filter>
    </ClInclude>
    <ClInclude Include="FMFeeRefundOrderDialog.h">
      <Filter>Header Files</Filter>
    </ClInclude>
    <ClInclude Include="FMUpdateQrPaymentMethodDialog.h">
      <Filter>Header Files</Filter>
    </ClInclude>
    <ClInclude Include="HMSThietLap_Thongtin_Congty.h">
      <Filter>Header Files</Filter>
    </ClInclude>
    <ClInclude Include="SysDepartment_V2.h">
      <Filter>Header Files</Filter>
    </ClInclude>
    <ClInclude Include="HMSInputCompanyOnInvoice.h">
      <Filter>Header Files</Filter>
    </ClInclude>
  </ItemGroup>
  <ItemGroup>
    <None Include="res\cursor1.cur">
      <Filter>Resource Files</Filter>
    </None>
    <None Include="res\HMSHospitalFee.rc2">
      <Filter>Resource Files</Filter>
    </None>
  </ItemGroup>
  <ItemGroup>
    <Image Include="res\HMSHospitalFee.ico">
      <Filter>Resource Files</Filter>
    </Image>
    <Image Include="res\icon1.ico">
      <Filter>Resource Files</Filter>
    </Image>
    <Image Include="res\Toolbar.bmp">
      <Filter>Resource Files</Filter>
    </Image>
  </ItemGroup>
  <ItemGroup>
    <ResourceCompile Include="HMSHospitalFee.rc">
      <Filter>Resource Files</Filter>
    </ResourceCompile>
  </ItemGroup>
  <ItemGroup>
    <Text Include="ReadMe.txt" />
  </ItemGroup>
</Project>