Microsoft Visual Studio Solution File, Format Version 8.00
Project("{8BC9CEB8-8B4A-11D0-8D11-00A0C91BC942}") = "HMSTreatment", "VIMESHMSTreatment.vcproj", "{A1C520BA-5D29-4FDF-A638-9AD140166813}"
	ProjectSection(ProjectDependencies) = postProject
	EndProjectSection
EndProject
Project("{8BC9CEB8-8B4A-11D0-8D11-00A0C91BC942}") = "HMSCore", "..\HMSCore\HMSCore.vcproj", "{F48B6C4D-7A3B-4EBB-96D3-834972E7E3FA}"
	ProjectSection(ProjectDependencies) = postProject
	EndProjectSection
EndProject
Global
	GlobalSection(SolutionConfiguration) = preSolution
		Debug = Debug
		Release = Release
	EndGlobalSection
	GlobalSection(ProjectConfiguration) = postSolution
		{A1C520BA-5D29-4FDF-A638-9AD140166813}.Debug.ActiveCfg = Debug|Win32
		{A1C520BA-5D29-4FDF-A638-9AD140166813}.Debug.Build.0 = Debug|Win32
		{A1C520BA-5D29-4FDF-A638-9AD140166813}.Release.ActiveCfg = Release|Win32
		{A1C520BA-5D29-4FDF-A638-9AD140166813}.Release.Build.0 = Release|Win32
		{F48B6C4D-7A3B-4EBB-96D3-834972E7E3FA}.Debug.ActiveCfg = Debug|Win32
		{F48B6C4D-7A3B-4EBB-96D3-834972E7E3FA}.Debug.Build.0 = Debug|Win32
		{F48B6C4D-7A3B-4EBB-96D3-834972E7E3FA}.Release.ActiveCfg = Release|Win32
		{F48B6C4D-7A3B-4EBB-96D3-834972E7E3FA}.Release.Build.0 = Release|Win32
	EndGlobalSection
	GlobalSection(ExtensibilityGlobals) = postSolution
	EndGlobalSection
	GlobalSection(ExtensibilityAddIns) = postSolution
	EndGlobalSection
EndGlobal
