<?xml version="1.0" encoding="utf-8"?>
<Project ToolsVersion="4.0" xmlns="http://schemas.microsoft.com/developer/msbuild/2003">
  <ItemGroup>
    <Filter Include="Source Files">
      <UniqueIdentifier>{4FC737F1-C7A5-4376-A066-2A32D752A2FF}</UniqueIdentifier>
      <Extensions>cpp;c;cxx;def;odl;idl;hpj;bat;asm;asmx</Extensions>
    </Filter>
    <Filter Include="Header Files">
      <UniqueIdentifier>{93995380-89BD-4b04-88EB-625FBE52EBFB}</UniqueIdentifier>
      <Extensions>h;hpp;hxx;hm;inl;inc;xsd</Extensions>
    </Filter>
    <Filter Include="Resource Files">
      <UniqueIdentifier>{67DA6AB6-F800-4c08-8B7A-83BB121AAD01}</UniqueIdentifier>
      <Extensions>rc;ico;cur;bmp;dlg;rc2;rct;bin;rgs;gif;jpg;jpeg;jpe;resx</Extensions>
    </Filter>
  </ItemGroup>
  <ItemGroup>
    <ClCompile Include="bh_Kiemtrathongtinkham_BH.cpp">
      <Filter>Source Files</Filter>
    </ClCompile>
    <ClCompile Include="ChildView.cpp">
      <Filter>Source Files</Filter>
    </ClCompile>
    <ClCompile Include="HMS_Doc_Note.cpp">
      <Filter>Source Files</Filter>
    </ClCompile>
    <ClCompile Include="HMS_Doc_Note_View.cpp">
      <Filter>Source Files</Filter>
    </ClCompile>
    <ClCompile Include="HMSAddExtraInforUserDialog.cpp">
      <Filter>Source Files</Filter>
    </ClCompile>
    <ClCompile Include="HMSAdditionCardDialog.cpp">
      <Filter>Source Files</Filter>
    </ClCompile>
    <ClCompile Include="hmsBhCardInfor.cpp">
      <Filter>Source Files</Filter>
    </ClCompile>
    <ClCompile Include="HMSBirthPackageList.cpp">
      <Filter>Source Files</Filter>
    </ClCompile>
    <ClCompile Include="HMSBirthPackageReg.cpp">
      <Filter>Source Files</Filter>
    </ClCompile>
    <ClCompile Include="HMSCancelReasonDialog.cpp">
      <Filter>Source Files</Filter>
    </ClCompile>
    <ClCompile Include="HMSCardEntryDialog.cpp">
      <Filter>Source Files</Filter>
    </ClCompile>
    <ClCompile Include="HMSCardSearchDialog.cpp">
      <Filter>Source Files</Filter>
    </ClCompile>
    <ClCompile Include="HMSCovid19VaccinInforDialog.cpp">
      <Filter>Source Files</Filter>
    </ClCompile>
    <ClCompile Include="HMSCreateDepositDialog.cpp">
      <Filter>Source Files</Filter>
    </ClCompile>
    <ClCompile Include="HMSDefaultDoctorSetupDlg.cpp">
      <Filter>Source Files</Filter>
    </ClCompile>
    <ClCompile Include="HMSDocumentPreviewDialog.cpp">
      <Filter>Source Files</Filter>
    </ClCompile>
    <ClCompile Include="HMSEmpInfoDlg.cpp">
      <Filter>Source Files</Filter>
    </ClCompile>
    <ClCompile Include="HMSEmpListDlg.cpp">
      <Filter>Source Files</Filter>
    </ClCompile>
    <ClCompile Include="HMSExaminationQueue.cpp">
      <Filter>Source Files</Filter>
    </ClCompile>
    <ClCompile Include="HMSExtInsCardDialog.cpp">
      <Filter>Source Files</Filter>
    </ClCompile>
    <ClCompile Include="HMSExtInsCompanyDialog.cpp">
      <Filter>Source Files</Filter>
    </ClCompile>
    <ClCompile Include="HMSExtInsUnpaidView.cpp">
      <Filter>Source Files</Filter>
    </ClCompile>
    <ClCompile Include="HMSFeeDepositDialog.cpp">
      <Filter>Source Files</Filter>
    </ClCompile>
    <ClCompile Include="HMSFindPatientinformationDialog.cpp">
      <Filter>Source Files</Filter>
    </ClCompile>
    <ClCompile Include="HMSFunctionalTestDialog.cpp">
      <Filter>Source Files</Filter>
    </ClCompile>
    <ClCompile Include="HMSGeneralReceivableEFReportDialog.cpp">
      <Filter>Source Files</Filter>
    </ClCompile>
    <ClCompile Include="HMSGeneralReceptionReportDialog.cpp">
      <Filter>Source Files</Filter>
    </ClCompile>
    <ClCompile Include="HMSHospitalDialog.cpp">
      <Filter>Source Files</Filter>
    </ClCompile>
    <ClCompile Include="HMSInsregDateDialog.cpp">
      <Filter>Source Files</Filter>
    </ClCompile>
    <ClCompile Include="HMSInsuranceCardSettingDialog.cpp">
      <Filter>Source Files</Filter>
    </ClCompile>
    <ClCompile Include="HMSIVFDiscountInforDialog.cpp">
      <Filter>Source Files</Filter>
    </ClCompile>
    <ClCompile Include="HMSPatientNoChangeDialog.cpp">
      <Filter>Source Files</Filter>
    </ClCompile>
    <ClCompile Include="HMSPossitionSetupDialog.cpp">
      <Filter>Source Files</Filter>
    </ClCompile>
    <ClCompile Include="HMSPriorityDialog.cpp">
      <Filter>Source Files</Filter>
    </ClCompile>
    <ClCompile Include="HMSReceptionApp.cpp">
      <Filter>Source Files</Filter>
    </ClCompile>
    <ClCompile Include="HMSRegistration.cpp">
      <Filter>Source Files</Filter>
    </ClCompile>
    <ClCompile Include="HMSSpecialExamDialog.cpp">
      <Filter>Source Files</Filter>
    </ClCompile>
    <ClCompile Include="HMSThietLap_Diachi_Vaccine.cpp">
      <Filter>Source Files</Filter>
    </ClCompile>
    <ClCompile Include="HMSThietLap_Thongtin_Vaccine.cpp">
      <Filter>Source Files</Filter>
    </ClCompile>
    <ClCompile Include="HMSThietLap_Thongtin_Vattu.cpp">
      <Filter>Source Files</Filter>
    </ClCompile>
    <ClCompile Include="HMSTreatmentHistory.cpp">
      <Filter>Source Files</Filter>
    </ClCompile>
    <ClCompile Include="HMSUpdateExtraInformation.cpp">
      <Filter>Source Files</Filter>
    </ClCompile>
    <ClCompile Include="HMSUploadFileDialog.cpp">
      <Filter>Source Files</Filter>
    </ClCompile>
    <ClCompile Include="HMSWifiSettingDialog.cpp">
      <Filter>Source Files</Filter>
    </ClCompile>
    <ClCompile Include="HMSWorkPlace108StaffDlg.cpp">
      <Filter>Source Files</Filter>
    </ClCompile>
    <ClCompile Include="HMSWorkPlaceDlg.cpp">
      <Filter>Source Files</Filter>
    </ClCompile>
    <ClCompile Include="HRAddProvilDialog.cpp">
      <Filter>Source Files</Filter>
    </ClCompile>
    <ClCompile Include="MainFrm.cpp">
      <Filter>Source Files</Filter>
    </ClCompile>
    <ClCompile Include="NationlityDialog.cpp">
      <Filter>Source Files</Filter>
    </ClCompile>
    <ClCompile Include="RMCanCuocCDDlg.cpp">
      <Filter>Source Files</Filter>
    </ClCompile>
    <ClCompile Include="stdafx.cpp">
      <Filter>Source Files</Filter>
    </ClCompile>
    <ClCompile Include="TransplantDialog.cpp">
      <Filter>Source Files</Filter>
    </ClCompile>
    <ClCompile Include="ViewPatientAndRelative.cpp">
      <Filter>Source Files</Filter>
    </ClCompile>
    <ClCompile Include="HMSRoomSetupDialog_V2.cpp">
      <Filter>Source Files</Filter>
    </ClCompile>
    <ClCompile Include="HMSPatientSelectDialog.cpp">
      <Filter>Source Files</Filter>
    </ClCompile>
    <ClCompile Include="HMSOnlineListView.cpp">
      <Filter>Source Files</Filter>
    </ClCompile>
    <ClCompile Include="HMSSetDisCountPatientDialog.cpp">
      <Filter>Source Files</Filter>
    </ClCompile>
  </ItemGroup>
  <ItemGroup>
    <ClInclude Include="bh_Kiemtrathongtinkham_BH.h">
      <Filter>Header Files</Filter>
    </ClInclude>
    <ClInclude Include="ChildView.h">
      <Filter>Header Files</Filter>
    </ClInclude>
    <ClInclude Include="HMS_Doc_Note.h">
      <Filter>Header Files</Filter>
    </ClInclude>
    <ClInclude Include="HMS_Doc_Note_View.h">
      <Filter>Header Files</Filter>
    </ClInclude>
    <ClInclude Include="HMSAddExtraInforUserDialog.h">
      <Filter>Header Files</Filter>
    </ClInclude>
    <ClInclude Include="HMSAdditionCardDialog.h">
      <Filter>Header Files</Filter>
    </ClInclude>
    <ClInclude Include="hmsBhCardInfor.h">
      <Filter>Header Files</Filter>
    </ClInclude>
    <ClInclude Include="HMSBirthPackageList.h">
      <Filter>Header Files</Filter>
    </ClInclude>
    <ClInclude Include="HMSBirthPackageReg.h">
      <Filter>Header Files</Filter>
    </ClInclude>
    <ClInclude Include="HMSCancelReasonDialog.h">
      <Filter>Header Files</Filter>
    </ClInclude>
    <ClInclude Include="HMSCardEntryDialog.h">
      <Filter>Header Files</Filter>
    </ClInclude>
    <ClInclude Include="HMSCardSearchDialog.h">
      <Filter>Header Files</Filter>
    </ClInclude>
    <ClInclude Include="HMSCovid19VaccinInforDialog.h">
      <Filter>Header Files</Filter>
    </ClInclude>
    <ClInclude Include="HMSCreateDepositDialog.h">
      <Filter>Header Files</Filter>
    </ClInclude>
    <ClInclude Include="HMSDefaultDoctorSetupDlg.h">
      <Filter>Header Files</Filter>
    </ClInclude>
    <ClInclude Include="HMSDocumentPreviewDialog.h">
      <Filter>Header Files</Filter>
    </ClInclude>
    <ClInclude Include="HMSEmpInfoDlg.h">
      <Filter>Header Files</Filter>
    </ClInclude>
    <ClInclude Include="HMSEmpListDlg.h">
      <Filter>Header Files</Filter>
    </ClInclude>
    <ClInclude Include="HMSExaminationQueue.h">
      <Filter>Header Files</Filter>
    </ClInclude>
    <ClInclude Include="HMSExtInsCardDialog.h">
      <Filter>Header Files</Filter>
    </ClInclude>
    <ClInclude Include="HMSExtInsCompanyDialog.h">
      <Filter>Header Files</Filter>
    </ClInclude>
    <ClInclude Include="HMSExtInsUnpaidView.h">
      <Filter>Header Files</Filter>
    </ClInclude>
    <ClInclude Include="HMSFeeDepositDialog.h">
      <Filter>Header Files</Filter>
    </ClInclude>
    <ClInclude Include="HMSFindPatientinformationDialog.h">
      <Filter>Header Files</Filter>
    </ClInclude>
    <ClInclude Include="HMSFunctionalTestDialog.h">
      <Filter>Header Files</Filter>
    </ClInclude>
    <ClInclude Include="HMSGeneralReceivableEFReportDialog.h">
      <Filter>Header Files</Filter>
    </ClInclude>
    <ClInclude Include="HMSGeneralReceptionReportDialog.h">
      <Filter>Header Files</Filter>
    </ClInclude>
    <ClInclude Include="HMSHospitalDialog.h">
      <Filter>Header Files</Filter>
    </ClInclude>
    <ClInclude Include="HMSInsregDateDialog.h">
      <Filter>Header Files</Filter>
    </ClInclude>
    <ClInclude Include="HMSInsuranceCardSettingDialog.h">
      <Filter>Header Files</Filter>
    </ClInclude>
    <ClInclude Include="HMSIVFDiscountInforDialog.h">
      <Filter>Header Files</Filter>
    </ClInclude>
    <ClInclude Include="HMSPatientNoChangeDialog.h">
      <Filter>Header Files</Filter>
    </ClInclude>
    <ClInclude Include="HMSPossitionSetupDialog.h">
      <Filter>Header Files</Filter>
    </ClInclude>
    <ClInclude Include="HMSPriorityDialog.h">
      <Filter>Header Files</Filter>
    </ClInclude>
    <ClInclude Include="HMSReceptionApp.h">
      <Filter>Header Files</Filter>
    </ClInclude>
    <ClInclude Include="HMSRegistration.h">
      <Filter>Header Files</Filter>
    </ClInclude>
    <ClInclude Include="HMSSpecialExamDialog.h">
      <Filter>Header Files</Filter>
    </ClInclude>
    <ClInclude Include="HMSThietLap_Diachi_Vaccine.h">
      <Filter>Header Files</Filter>
    </ClInclude>
    <ClInclude Include="HMSThietLap_Thongtin_Vaccine.h">
      <Filter>Header Files</Filter>
    </ClInclude>
    <ClInclude Include="HMSThietLap_Thongtin_Vattu.h">
      <Filter>Header Files</Filter>
    </ClInclude>
    <ClInclude Include="HMSTreatmentHistory.h">
      <Filter>Header Files</Filter>
    </ClInclude>
    <ClInclude Include="HMSUpdateExtraInformation.h">
      <Filter>Header Files</Filter>
    </ClInclude>
    <ClInclude Include="HMSUploadFileDialog.h">
      <Filter>Header Files</Filter>
    </ClInclude>
    <ClInclude Include="HMSWifiSettingDialog.h">
      <Filter>Header Files</Filter>
    </ClInclude>
    <ClInclude Include="HMSWorkPlace108StaffDlg.h">
      <Filter>Header Files</Filter>
    </ClInclude>
    <ClInclude Include="HMSWorkPlaceDlg.h">
      <Filter>Header Files</Filter>
    </ClInclude>
    <ClInclude Include="HRAddProvilDialog.h">
      <Filter>Header Files</Filter>
    </ClInclude>
    <ClInclude Include="MainFrm.h">
      <Filter>Header Files</Filter>
    </ClInclude>
    <ClInclude Include="NationlityDialog.h">
      <Filter>Header Files</Filter>
    </ClInclude>
    <ClInclude Include="Resource.h">
      <Filter>Header Files</Filter>
    </ClInclude>
    <ClInclude Include="RMCanCuocCDDlg.h">
      <Filter>Header Files</Filter>
    </ClInclude>
    <ClInclude Include="stdafx.h">
      <Filter>Header Files</Filter>
    </ClInclude>
    <ClInclude Include="TransplantDialog.h">
      <Filter>Header Files</Filter>
    </ClInclude>
    <ClInclude Include="ViewPatientAndRelative.h">
      <Filter>Header Files</Filter>
    </ClInclude>
    <ClInclude Include="HMSRoomSetupDialog_V2.h">
      <Filter>Header Files</Filter>
    </ClInclude>
    <ClInclude Include="HMSPatientSelectDialog.h">
      <Filter>Header Files</Filter>
    </ClInclude>
    <ClInclude Include="HMSOnlineListView.h">
      <Filter>Header Files</Filter>
    </ClInclude>
    <ClInclude Include="HMSSetDisCountPatientDialog.h">
      <Filter>Header Files</Filter>
    </ClInclude>
  </ItemGroup>
  <ItemGroup>
    <Image Include="res\calendar.bmp">
      <Filter>Resource Files</Filter>
    </Image>
    <Image Include="res\calendar_disabled.bmp">
      <Filter>Resource Files</Filter>
    </Image>
    <Image Include="res\console.ico">
      <Filter>Resource Files</Filter>
    </Image>
    <Image Include="res\HMSReception.ico">
      <Filter>Resource Files</Filter>
    </Image>
    <Image Include="res\icon1.ico">
      <Filter>Resource Files</Filter>
    </Image>
    <Image Include="res\Toolbar.bmp">
      <Filter>Resource Files</Filter>
    </Image>
  </ItemGroup>
  <ItemGroup>
    <ResourceCompile Include="HMSReception.rc">
      <Filter>Resource Files</Filter>
    </ResourceCompile>
  </ItemGroup>
  <ItemGroup>
    <None Include="res\HMSReception.rc2">
      <Filter>Resource Files</Filter>
    </None>
  </ItemGroup>
</Project>