<?xml version="1.0" encoding="utf-8"?>
<Project ToolsVersion="4.0" xmlns="http://schemas.microsoft.com/developer/msbuild/2003">
  <ItemGroup>
    <ClCompile Include="AllocateMaterialDialog.cpp" />
    <ClCompile Include="AllocateMaterialOrder.cpp" />
    <ClCompile Include="AllocateMaterialOrderLineInput.cpp" />
    <ClCompile Include="AllocateMaterialOrderList.cpp" />
    <ClCompile Include="CabinetDialog.cpp" />
    <ClCompile Include="CabinetOrder.cpp" />
    <ClCompile Include="CabinetOrderLineInput.cpp" />
    <ClCompile Include="CabinetOrderList.cpp" />
    <ClCompile Include="CaptureDeviceSetting.cpp" />
    <ClCompile Include="CaptureVideo.cpp" />
    <ClCompile Include="ChildView.cpp" />
    <ClCompile Include="GuiInputDataDialog.cpp" />
    <ClCompile Include="HMSAnestheticScheduleAddEntryPopup.cpp" />
    <ClCompile Include="HMSAnestheticScheduleDetail.cpp" />
    <ClCompile Include="HMSAnestheticScheduleDialog.cpp" />
    <ClCompile Include="HMSAnestheticScheduleList.cpp" />
    <ClCompile Include="HMSAnestheticScheduleMaterialPopup.cpp" />
    <ClCompile Include="HMSAnestheticSchedulePatientListDialog.cpp" />
    <ClCompile Include="HMSDefaultUserSetupDlg.cpp" />
    <ClCompile Include="HMSPACSFormSetupDialog.cpp" />
    <ClCompile Include="HMSPendingInfoView.cpp" />
    <ClCompile Include="HMSPerformRoomUsagePACS.cpp" />
    <ClCompile Include="HMSRoomSetupDialog.cpp" />
    <ClCompile Include="HMSSelectPACSFormDialog.cpp" />
    <ClCompile Include="HMSTreatMovementDialogV2.cpp" />
    <ClCompile Include="IMGContrastMaterialSetupDialog.cpp" />
    <ClCompile Include="ListImage.cpp" />
    <ClCompile Include="LiveVideoDlg.cpp" />
    <ClCompile Include="MainFrm.cpp" />
    <ClCompile Include="MedicalExportOrderDialog.cpp" />
    <ClCompile Include="OperationInputResult.cpp" />
    <ClCompile Include="OperationResult.cpp" />
    <ClCompile Include="PACSChangProomDialog.cpp" />
    <ClCompile Include="PacsDetailLineInfo.cpp" />
    <ClCompile Include="PACSEditDefaultValuesDialog.cpp" />
    <ClCompile Include="PACSImageCapture.cpp" />
    <ClCompile Include="PACSInpackageMaterialView.cpp" />
    <ClCompile Include="PACSInputResult.cpp" />
    <ClCompile Include="PacsLineInfo.cpp" />
    <ClCompile Include="PACSPatientList.cpp" />
    <ClCompile Include="PACSPatientProfile.cpp" />
    <ClCompile Include="PACSResultFormDialog.cpp" />
    <ClCompile Include="PACSSettingNumberDialog.cpp" />
    <ClCompile Include="PCMSChangeOrderDialog.cpp" />
    <ClCompile Include="PCMSSearchByRecordNo.cpp" />
    <ClCompile Include="Reports\HMSMedicalCabinetGeneralExportReportDialog.cpp" />
    <ClCompile Include="Reports\HMSMedicalCabinetPatientExportReportDialog.cpp" />
    <ClCompile Include="Reports\HMSPacsReportDialog.cpp" />
    <ClCompile Include="Reports\HMSRoomExaminationReportDialog.cpp" />
    <ClCompile Include="Reports\HMSTonghopCLSReportDialog.cpp" />
    <ClCompile Include="Reports\RptParaclinicalPatientList.cpp" />
    <ClCompile Include="Reports\TMDrugCabinetUsedReport.cpp" />
    <ClCompile Include="StorageDeliveryOrderLineInput.cpp" />
    <ClCompile Include="StorageDeliveryOrderLines.cpp" />
    <ClCompile Include="StorageDeliveryOrderList.cpp" />
    <ClCompile Include="StorageDeliveryOrderView.cpp" />
    <ClCompile Include="ThumbnailImage.cpp" />
    <ClCompile Include="VIMESPACS.cpp" />
    <ClCompile Include="VIMESPACSPermissionDialog.cpp" />
    <ClCompile Include="VIMESPictureView.cpp" />
  </ItemGroup>
  <ItemGroup>
    <ClInclude Include="AllocateMaterialDialog.h" />
    <ClInclude Include="AllocateMaterialOrder.h" />
    <ClInclude Include="AllocateMaterialOrderLineInput.h" />
    <ClInclude Include="AllocateMaterialOrderList.h" />
    <ClInclude Include="CabinetDialog.h" />
    <ClInclude Include="CabinetOrder.h" />
    <ClInclude Include="CabinetOrderLineInput.h" />
    <ClInclude Include="CabinetOrderList.h" />
    <ClInclude Include="CaptureDeviceSetting.h" />
    <ClInclude Include="CaptureVideo.h" />
    <ClInclude Include="ChildView.h" />
    <ClInclude Include="GuiInputDataDialog.h" />
    <ClInclude Include="HMSAnestheticScheduleAddEntryPopup.h" />
    <ClInclude Include="HMSAnestheticScheduleDetail.h" />
    <ClInclude Include="HMSAnestheticScheduleDialog.h" />
    <ClInclude Include="HMSAnestheticScheduleList.h" />
    <ClInclude Include="HMSAnestheticScheduleMaterialPopup.h" />
    <ClInclude Include="HMSAnestheticSchedulePatientListDialog.h" />
    <ClInclude Include="HMSDefaultUserSetupDlg.h" />
    <ClInclude Include="HMSPACSFormSetupDialog.h" />
    <ClInclude Include="HMSPendingInfoView.h" />
    <ClInclude Include="HMSPerformRoomUsagePACS.h" />
    <ClInclude Include="HMSRoomSetupDialog.h" />
    <ClInclude Include="HMSSelectPACSFormDialog.h" />
    <ClInclude Include="HMSTreatMovementDialogV2.h" />
    <ClInclude Include="IMGContrastMaterialSetupDialog.h" />
    <ClInclude Include="ListImage.h" />
    <ClInclude Include="LiveVideoDlg.h" />
    <ClInclude Include="MainFrm.h" />
    <ClInclude Include="MedicalExportOrderDialog.h" />
    <ClInclude Include="OperationInputResult.h" />
    <ClInclude Include="OperationResult.h" />
    <ClInclude Include="PACSChangProomDialog.h" />
    <ClInclude Include="PacsDetailLineInfo.h" />
    <ClInclude Include="PACSEditDefaultValuesDialog.h" />
    <ClInclude Include="PACSImageCapture.h" />
    <ClInclude Include="PACSInpackageMaterialView.h" />
    <ClInclude Include="PACSInputResult.h" />
    <ClInclude Include="PacsLineInfo.h" />
    <ClInclude Include="PACSPatientList.h" />
    <ClInclude Include="PACSPatientProfile.h" />
    <ClInclude Include="PACSResultFormDialog.h" />
    <ClInclude Include="PACSSettingNumberDialog.h" />
    <ClInclude Include="PCMSChangeOrderDialog.h" />
    <ClInclude Include="PCMSSearchByRecordNo.h" />
    <ClInclude Include="Reports\HMSMedicalCabinetGeneralExportReportDialog.h" />
    <ClInclude Include="Reports\HMSMedicalCabinetPatientExportReportDialog.h" />
    <ClInclude Include="Reports\HMSPacsReportDialog.h" />
    <ClInclude Include="Reports\HMSRoomExaminationReportDialog.h" />
    <ClInclude Include="Reports\HMSTonghopCLSReportDialog.h" />
    <ClInclude Include="Reports\RptParaclinicalPatientList.h" />
    <ClInclude Include="Reports\TMDrugCabinetUsedReport.h" />
    <ClInclude Include="resource.h" />
    <ClInclude Include="stdafx.h" />
    <ClInclude Include="StorageDeliveryOrderLineInput.h" />
    <ClInclude Include="StorageDeliveryOrderLines.h" />
    <ClInclude Include="StorageDeliveryOrderList.h" />
    <ClInclude Include="StorageDeliveryOrderView.h" />
    <ClInclude Include="ThumbnailImage.h" />
    <ClInclude Include="VIMESPACS.h" />
    <ClInclude Include="VIMESPACSPermissionDialog.h" />
    <ClInclude Include="VIMESPictureView.h" />
  </ItemGroup>
  <ItemGroup>
    <ResourceCompile Include="VIMESPACS.rc" />
  </ItemGroup>
  <ItemGroup>
    <Image Include="res\bitmap2.bmp" />
    <Image Include="res\icon1.ico" />
    <Image Include="res\Toolbar.bmp" />
    <Image Include="res\VIMESPACS.ico" />
  </ItemGroup>
  <ItemGroup>
    <Text Include="ReadMe.txt" />
  </ItemGroup>
</Project>