Microsoft Visual Studio Solution File, Format Version 8.00
Project("{8BC9CEB8-8B4A-11D0-8D11-00A0C91BC942}") = "VIMESVisitPatientsMangr", "VIMESVisitPatientsMangr.vcproj", "{8423A131-F0A4-486A-BD8E-1B342F0E4B16}"
	ProjectSection(ProjectDependencies) = postProject
	EndProjectSection
EndProject
Global
	GlobalSection(SolutionConfiguration) = preSolution
		Debug = Debug
		Release = Release
	EndGlobalSection
	GlobalSection(ProjectDependencies) = postSolution
	EndGlobalSection
	GlobalSection(ProjectConfiguration) = postSolution
		{8423A131-F0A4-486A-BD8E-1B342F0E4B16}.Debug.ActiveCfg = Release|Win32
		{8423A131-F0A4-486A-BD8E-1B342F0E4B16}.Debug.Build.0 = Release|Win32
		{8423A131-F0A4-486A-BD8E-1B342F0E4B16}.Release.ActiveCfg = Release|Win32
		{8423A131-F0A4-486A-BD8E-1B342F0E4B16}.Release.Build.0 = Release|Win32
	EndGlobalSection
	GlobalSection(ExtensibilityGlobals) = postSolution
	EndGlobalSection
	GlobalSection(ExtensibilityAddIns) = postSolution
	EndGlobalSection
EndGlobal
