<?xml version="1.0" encoding="utf-8"?>
<Project ToolsVersion="4.0" xmlns="http://schemas.microsoft.com/developer/msbuild/2003">
  <ItemGroup>
    <Filter Include="Source Files">
      <UniqueIdentifier>{4FC737F1-C7A5-4376-A066-2A32D752A2FF}</UniqueIdentifier>
      <Extensions>cpp;c;cxx;def;odl;idl;hpj;bat;asm;asmx</Extensions>
    </Filter>
    <Filter Include="Resource Files">
      <UniqueIdentifier>{67DA6AB6-F800-4c08-8B7A-83BB121AAD01}</UniqueIdentifier>
      <Extensions>rc;ico;cur;bmp;dlg;rc2;rct;bin;rgs;gif;jpg;jpeg;jpe;resx</Extensions>
    </Filter>
    <Filter Include="Resource Files\Header Files">
      <UniqueIdentifier>{93995380-89BD-4b04-88EB-625FBE52EBFB}</UniqueIdentifier>
      <Extensions>h;hpp;hxx;hm;inl;inc;xsd</Extensions>
    </Filter>
    <Filter Include="Reports">
      <UniqueIdentifier>{2cc4ee3a-2beb-4cba-8e98-5b7e0b57276e}</UniqueIdentifier>
    </Filter>
  </ItemGroup>
  <ItemGroup>
    <ClCompile Include="AdBusinessPartnerBankAccount.cpp">
      <Filter>Source Files</Filter>
    </ClCompile>
    <ClCompile Include="AdBusinessPartnerContact.cpp">
      <Filter>Source Files</Filter>
    </ClCompile>
    <ClCompile Include="AdBusinessPartnerContactInput.cpp">
      <Filter>Source Files</Filter>
    </ClCompile>
    <ClCompile Include="AdBusinessPartnerContractDtlDialog.cpp">
      <Filter>Source Files</Filter>
    </ClCompile>
    <ClCompile Include="AdBusinessPartnerContractInfoDlg.cpp">
      <Filter>Source Files</Filter>
    </ClCompile>
    <ClCompile Include="AdBusinessPartnerContractList.cpp">
      <Filter>Source Files</Filter>
    </ClCompile>
    <ClCompile Include="AdBusinessPartnerContractTestList.cpp">
      <Filter>Source Files</Filter>
    </ClCompile>
    <ClCompile Include="AdBusinessPartnerDetail.cpp">
      <Filter>Source Files</Filter>
    </ClCompile>
    <ClCompile Include="AdBusinessPartnerDialog.cpp">
      <Filter>Source Files</Filter>
    </ClCompile>
    <ClCompile Include="AdBusinessPartnerEmplDialog.cpp">
      <Filter>Source Files</Filter>
    </ClCompile>
    <ClCompile Include="AdBusinessPartnerEmplList.cpp">
      <Filter>Source Files</Filter>
    </ClCompile>
    <ClCompile Include="AdBusinessPartnerListDialog.cpp">
      <Filter>Source Files</Filter>
    </ClCompile>
    <ClCompile Include="AdBusinessPartnerLocationAddress.cpp">
      <Filter>Source Files</Filter>
    </ClCompile>
    <ClCompile Include="AdBusinessPartnerParaclinicInfoDialog.cpp">
      <Filter>Source Files</Filter>
    </ClCompile>
    <ClCompile Include="AdBusinessPartnerSelectEmpl.cpp">
      <Filter>Source Files</Filter>
    </ClCompile>
    <ClCompile Include="ChildView.cpp">
      <Filter>Source Files</Filter>
    </ClCompile>
    <ClCompile Include="EM_RehabilitationEndDate.cpp">
      <Filter>Source Files</Filter>
    </ClCompile>
    <ClCompile Include="EMParaclinicResultDialog.cpp">
      <Filter>Source Files</Filter>
    </ClCompile>
    <ClCompile Include="ExamSpecialistEye.cpp">
      <Filter>Source Files</Filter>
    </ClCompile>
    <ClCompile Include="HE_INPUTENDDATE.cpp">
      <Filter>Source Files</Filter>
    </ClCompile>
    <ClCompile Include="HeathExamDialog.cpp">
      <Filter>Source Files</Filter>
    </ClCompile>
    <ClCompile Include="HEDrugListEmergencyDialog.cpp">
      <Filter>Source Files</Filter>
    </ClCompile>
    <ClCompile Include="HESettingExamSchedule.cpp">
      <Filter>Source Files</Filter>
    </ClCompile>
    <ClCompile Include="HMS_APPOINMENTA20.cpp">
      <Filter>Source Files</Filter>
    </ClCompile>
    <ClCompile Include="HMS_OBABenhNhanGhepThan.cpp">
      <Filter>Source Files</Filter>
    </ClCompile>
    <ClCompile Include="HMS_OBAChuyenKhoaXaTriXaPhau.cpp">
      <Filter>Source Files</Filter>
    </ClCompile>
    <ClCompile Include="HMS_OBADTBenhSuyTim.cpp">
      <Filter>Source Files</Filter>
    </ClCompile>
    <ClCompile Include="HMS_OBADTCuongGiapIODEPhongXa.cpp">
      <Filter>Source Files</Filter>
    </ClCompile>
    <ClCompile Include="HMS_OBADTDauThatNgucOnDinh.cpp">
      <Filter>Source Files</Filter>
    </ClCompile>
    <ClCompile Include="HMS_OBADTParkinsonDongKinh.cpp">
      <Filter>Source Files</Filter>
    </ClCompile>
    <ClCompile Include="HMS_OBADTParkinsonDongKinh1.cpp">
      <Filter>Source Files</Filter>
    </ClCompile>
    <ClCompile Include="HMS_OBADTParkinsonDongKinh2.cpp">
      <Filter>Source Files</Filter>
    </ClCompile>
    <ClCompile Include="HMS_OBADTPhoiTacNghenManTinh.cpp">
      <Filter>Source Files</Filter>
    </ClCompile>
    <ClCompile Include="HMS_OBAKhoaRang.cpp">
      <Filter>Source Files</Filter>
    </ClCompile>
    <ClCompile Include="HMS_OBAKhoaRang2.cpp">
      <Filter>Source Files</Filter>
    </ClCompile>
    <ClCompile Include="HMS_OBAKhoaRangTab.cpp">
      <Filter>Source Files</Filter>
    </ClCompile>
    <ClCompile Include="HMS_OBAParkinsonTab.cpp">
      <Filter>Source Files</Filter>
    </ClCompile>
    <ClCompile Include="HMS_OBARFA.cpp">
      <Filter>Source Files</Filter>
    </ClCompile>
    <ClCompile Include="HMSAccidentDialog.cpp">
      <Filter>Source Files</Filter>
    </ClCompile>
    <ClCompile Include="HMSAddAppointmentA20.cpp">
      <Filter>Source Files</Filter>
    </ClCompile>
    <ClCompile Include="HMSAdmission.cpp">
      <Filter>Source Files</Filter>
    </ClCompile>
    <ClCompile Include="HMSAdmissionClinicalDialog.cpp">
      <Filter>Source Files</Filter>
    </ClCompile>
    <ClCompile Include="HMSAppointmentListDialog.cpp">
      <Filter>Source Files</Filter>
    </ClCompile>
    <ClCompile Include="HMSAppointmentReexamination.cpp">
      <Filter>Source Files</Filter>
    </ClCompile>
    <ClCompile Include="HMSAppointmentScheduleDialog.cpp">
      <Filter>Source Files</Filter>
    </ClCompile>
    <ClCompile Include="HMSAppointmentScheduleList.cpp">
      <Filter>Source Files</Filter>
    </ClCompile>
    <ClCompile Include="HMSAppointmentView.cpp">
      <Filter>Source Files</Filter>
    </ClCompile>
    <ClCompile Include="HMSBedUsage.cpp">
      <Filter>Source Files</Filter>
    </ClCompile>
    <ClCompile Include="HMSBenhAnView.cpp">
      <Filter>Source Files</Filter>
    </ClCompile>
    <ClCompile Include="HMSCardEntryDialog.cpp">
      <Filter>Source Files</Filter>
    </ClCompile>
    <ClCompile Include="HMSClinicZoneDialog.cpp">
      <Filter>Source Files</Filter>
    </ClCompile>
    <ClCompile Include="HMSCommanderExamine.cpp">
      <Filter>Source Files</Filter>
    </ClCompile>
    <ClCompile Include="HMSConclusionExtendDlg.cpp">
      <Filter>Source Files</Filter>
    </ClCompile>
    <ClCompile Include="HMSConfirmDialogC13.cpp">
      <Filter>Source Files</Filter>
    </ClCompile>
    <ClCompile Include="HMSCuredTreatmentDlg.cpp">
      <Filter>Source Files</Filter>
    </ClCompile>
    <ClCompile Include="HMSDailyFoodCancelPatientListDialog_EM.cpp">
      <Filter>Source Files</Filter>
    </ClCompile>
    <ClCompile Include="HMSDailyFoodOrder_EM.cpp">
      <Filter>Source Files</Filter>
    </ClCompile>
    <ClCompile Include="HMSDailyFoodOrderCancel_EM.cpp">
      <Filter>Source Files</Filter>
    </ClCompile>
    <ClCompile Include="HMSDailyFoodOrderList_EM.cpp">
      <Filter>Source Files</Filter>
    </ClCompile>
    <ClCompile Include="HMSDailyFoodPatientListDialog_EM.cpp">
      <Filter>Source Files</Filter>
    </ClCompile>
    <ClCompile Include="HMSDanhGiaTheoDoiSauInplant.cpp">
      <Filter>Source Files</Filter>
    </ClCompile>
    <ClCompile Include="HMSDanhGiaTheoDoiSauInplant2.cpp">
      <Filter>Source Files</Filter>
    </ClCompile>
    <ClCompile Include="HMSDanhGiaTheoDoiSauInplant3.cpp">
      <Filter>Source Files</Filter>
    </ClCompile>
    <ClCompile Include="HMSDanhGiaTheoDoiSauInplant4.cpp">
      <Filter>Source Files</Filter>
    </ClCompile>
    <ClCompile Include="HMSDanhGiaTheoDoiSauInplant51.cpp">
      <Filter>Source Files</Filter>
    </ClCompile>
    <ClCompile Include="HMSDanhGiaTheoDoiSauInplant52.cpp">
      <Filter>Source Files</Filter>
    </ClCompile>
    <ClCompile Include="HMSDanhGiaTheoDoiSauInplant53.cpp">
      <Filter>Source Files</Filter>
    </ClCompile>
    <ClCompile Include="HMSDanhGiaTheoDoiSauInplant54.cpp">
      <Filter>Source Files</Filter>
    </ClCompile>
    <ClCompile Include="HMSDentalTreatmentDlg.cpp">
      <Filter>Source Files</Filter>
    </ClCompile>
    <ClCompile Include="HMSDischarge.cpp">
      <Filter>Source Files</Filter>
    </ClCompile>
    <ClCompile Include="HMSDiseaseConclusionDialog.cpp">
      <Filter>Source Files</Filter>
    </ClCompile>
    <ClCompile Include="HMSDiseasePrehistoryDialog.cpp">
      <Filter>Source Files</Filter>
    </ClCompile>
    <ClCompile Include="HMSDrugInformation.cpp">
      <Filter>Source Files</Filter>
    </ClCompile>
    <ClCompile Include="HMSEmergencyReceiptDialog.cpp">
      <Filter>Source Files</Filter>
    </ClCompile>
    <ClCompile Include="HMSEntertainTreatDialog.cpp">
      <Filter>Source Files</Filter>
    </ClCompile>
    <ClCompile Include="HMSExaminationChangeDialog.cpp">
      <Filter>Source Files</Filter>
    </ClCompile>
    <ClCompile Include="HMSExaminationDocument.cpp">
      <Filter>Source Files</Filter>
    </ClCompile>
    <ClCompile Include="HMSExaminationMoveDialog.cpp">
      <Filter>Source Files</Filter>
    </ClCompile>
    <ClCompile Include="HMSExaminationQueue.cpp">
      <Filter>Source Files</Filter>
    </ClCompile>
    <ClCompile Include="HMSExamine.cpp">
      <Filter>Source Files</Filter>
    </ClCompile>
    <ClCompile Include="HMSExamineV2.cpp">
      <Filter>Source Files</Filter>
    </ClCompile>
    <ClCompile Include="HMSExamTestProfileDialog.cpp">
      <Filter>Source Files</Filter>
    </ClCompile>
    <ClCompile Include="HMSExmTestSettingDialog.cpp">
      <Filter>Source Files</Filter>
    </ClCompile>
    <ClCompile Include="HMSExpandSelectionListDialog.cpp">
      <Filter>Source Files</Filter>
    </ClCompile>
    <ClCompile Include="HMSFastDiagnosticDialog.cpp">
      <Filter>Source Files</Filter>
    </ClCompile>
    <ClCompile Include="HMSFoodModifyItemDialog_EM.cpp">
      <Filter>Source Files</Filter>
    </ClCompile>
    <ClCompile Include="HMSFoodOrderDiaglog_EM.cpp">
      <Filter>Source Files</Filter>
    </ClCompile>
    <ClCompile Include="HMSGeneralRankExamine.cpp">
      <Filter>Source Files</Filter>
    </ClCompile>
    <ClCompile Include="HMSGeneralRankSpecialExamineDialog.cpp">
      <Filter>Source Files</Filter>
    </ClCompile>
    <ClCompile Include="HMSGroupProfileDialog.cpp">
      <Filter>Source Files</Filter>
    </ClCompile>
    <ClCompile Include="HMSHealthExamHtmlDialog.cpp">
      <Filter>Source Files</Filter>
    </ClCompile>
    <ClCompile Include="HMSHospitalTransfer.cpp">
      <Filter>Source Files</Filter>
    </ClCompile>
    <ClCompile Include="HMSICD10.cpp">
      <Filter>Source Files</Filter>
    </ClCompile>
    <ClCompile Include="HMSMauBenhAnDlg.cpp">
      <Filter>Source Files</Filter>
    </ClCompile>
    <ClCompile Include="HMSMedicalCabinetDrug.cpp">
      <Filter>Source Files</Filter>
    </ClCompile>
    <ClCompile Include="HMSMedicalCabinetDrugOrderEntry.cpp">
      <Filter>Source Files</Filter>
    </ClCompile>
    <ClCompile Include="HMSOutPatientTreatment.cpp">
      <Filter>Source Files</Filter>
    </ClCompile>
    <ClCompile Include="HMSPatientDocument.cpp">
      <Filter>Source Files</Filter>
    </ClCompile>
    <ClCompile Include="HMSPatientEncodeDialog.cpp">
      <Filter>Source Files</Filter>
    </ClCompile>
    <ClCompile Include="HMSPatientFoodOrderEntry_EM.cpp">
      <Filter>Source Files</Filter>
    </ClCompile>
    <ClCompile Include="HMSPatientFoodOrderEntryEX_EM.cpp">
      <Filter>Source Files</Filter>
    </ClCompile>
    <ClCompile Include="HMSPrescriptionLockDialog.cpp">
      <Filter>Source Files</Filter>
    </ClCompile>
    <ClCompile Include="HMSPrescriptionLockInfoDialog.cpp">
      <Filter>Source Files</Filter>
    </ClCompile>
    <ClCompile Include="HMSReturnDrugDialog.cpp">
      <Filter>Source Files</Filter>
    </ClCompile>
    <ClCompile Include="HMSServicePackageFamilyFoodOrderDialog_EM.cpp">
      <Filter>Source Files</Filter>
    </ClCompile>
    <ClCompile Include="HMSServicePackageFoodOrderDialog_EM.cpp">
      <Filter>Source Files</Filter>
    </ClCompile>
    <ClCompile Include="HMSShowHistoryDialog.cpp">
      <Filter>Source Files</Filter>
    </ClCompile>
    <ClCompile Include="HMSSpecialExamDialog.cpp">
      <Filter>Source Files</Filter>
    </ClCompile>
    <ClCompile Include="HMSStorageDetailDialog.cpp">
      <Filter>Source Files</Filter>
    </ClCompile>
    <ClCompile Include="HMSSupplementExamineDialog.cpp">
      <Filter>Source Files</Filter>
    </ClCompile>
    <ClCompile Include="HMSTerminateCovidDocument.cpp">
      <Filter>Source Files</Filter>
    </ClCompile>
    <ClCompile Include="HMSTerminateDocumentDialog.cpp">
      <Filter>Source Files</Filter>
    </ClCompile>
    <ClCompile Include="HMSTreatDrugDialog.cpp">
      <Filter>Source Files</Filter>
    </ClCompile>
    <ClCompile Include="HMSTreatmentCareEMDialog.cpp">
      <Filter>Source Files</Filter>
    </ClCompile>
    <ClCompile Include="HMSTreatmentCareEMInputDialog.cpp">
      <Filter>Source Files</Filter>
    </ClCompile>
    <ClCompile Include="HMSTreatmentDrugCopyDialog.cpp">
      <Filter>Source Files</Filter>
    </ClCompile>
    <ClCompile Include="HMSTreatmentHistory.cpp">
      <Filter>Source Files</Filter>
    </ClCompile>
    <ClCompile Include="HMSTreatmentPrescriptionPopup.cpp">
      <Filter>Source Files</Filter>
    </ClCompile>
    <ClCompile Include="HMSTreatmentPrescriptionPopupEx.cpp">
      <Filter>Source Files</Filter>
    </ClCompile>
    <ClCompile Include="HMSTreatmentTrackingDialog.cpp">
      <Filter>Source Files</Filter>
    </ClCompile>
    <ClCompile Include="HMSTreatmentTrackingDiseaseDialog.cpp">
      <Filter>Source Files</Filter>
    </ClCompile>
    <ClCompile Include="HMSTreatModeSettingDialog.cpp">
      <Filter>Source Files</Filter>
    </ClCompile>
    <ClCompile Include="HMSTreatOperationDialog.cpp">
      <Filter>Source Files</Filter>
    </ClCompile>
    <ClCompile Include="MainFrm.cpp">
      <Filter>Source Files</Filter>
    </ClCompile>
    <ClCompile Include="PhanHoiBenh.cpp">
      <Filter>Source Files</Filter>
    </ClCompile>
    <ClCompile Include="PhanKetLuan.cpp">
      <Filter>Source Files</Filter>
    </ClCompile>
    <ClCompile Include="PhanKhamBenh.cpp">
      <Filter>Source Files</Filter>
    </ClCompile>
    <ClCompile Include="PhanKhamChuyenKhoa.cpp">
      <Filter>Source Files</Filter>
    </ClCompile>
    <ClCompile Include="PhanKhamChuyenKhoaInput.cpp">
      <Filter>Source Files</Filter>
    </ClCompile>
    <ClCompile Include="stdafx.cpp">
      <Filter>Source Files</Filter>
    </ClCompile>
    <ClCompile Include="StorageInventory.cpp">
      <Filter>Source Files</Filter>
    </ClCompile>
    <ClCompile Include="StorageInventoryDialog.cpp">
      <Filter>Source Files</Filter>
    </ClCompile>
    <ClCompile Include="StoragePreorderDialog.cpp">
      <Filter>Source Files</Filter>
    </ClCompile>
    <ClCompile Include="TMBenhAnDialog.cpp">
      <Filter>Source Files</Filter>
    </ClCompile>
    <ClCompile Include="TMDailyFoodPrintSheetDialog_EM.cpp">
      <Filter>Source Files</Filter>
    </ClCompile>
    <ClCompile Include="TMRecordSummary.cpp">
      <Filter>Source Files</Filter>
    </ClCompile>
    <ClCompile Include="TMShowPatientEatInDayDialog_EM.cpp">
      <Filter>Source Files</Filter>
    </ClCompile>
    <ClCompile Include="VIMESHMSExamination.cpp">
      <Filter>Source Files</Filter>
    </ClCompile>
    <ClCompile Include="WMDateCtrl.cpp">
      <Filter>Source Files</Filter>
    </ClCompile>
    <ClCompile Include="WVCellData.cpp">
      <Filter>Source Files</Filter>
    </ClCompile>
    <ClCompile Include="WVCellDataItem.cpp">
      <Filter>Source Files</Filter>
    </ClCompile>
    <ClCompile Include="UpdateZoneInfor.cpp">
      <Filter>Source Files</Filter>
    </ClCompile>
    <ClCompile Include="HMSSpecialExamInputDlg.cpp">
      <Filter>Source Files</Filter>
    </ClCompile>
    <ClCompile Include="HMSSpecialExamSetupDlg.cpp">
      <Filter>Source Files</Filter>
    </ClCompile>
    <ClCompile Include="Qsofa_News2_Form_Dialog.cpp">
      <Filter>Source Files</Filter>
    </ClCompile>
    <ClCompile Include="Qsofa_News2_Form_Result.cpp">
      <Filter>Source Files</Filter>
    </ClCompile>
  </ItemGroup>
  <ItemGroup>
    <ClInclude Include="AdBusinessPartnerBankAccount.h">
      <Filter>Resource Files</Filter>
    </ClInclude>
    <ClInclude Include="AdBusinessPartnerContact.h">
      <Filter>Resource Files</Filter>
    </ClInclude>
    <ClInclude Include="AdBusinessPartnerContactInput.h">
      <Filter>Resource Files</Filter>
    </ClInclude>
    <ClInclude Include="AdBusinessPartnerContractDtlDialog.h">
      <Filter>Resource Files</Filter>
    </ClInclude>
    <ClInclude Include="AdBusinessPartnerContractInfoDlg.h">
      <Filter>Resource Files</Filter>
    </ClInclude>
    <ClInclude Include="AdBusinessPartnerContractList.h">
      <Filter>Resource Files</Filter>
    </ClInclude>
    <ClInclude Include="AdBusinessPartnerContractTestList.h">
      <Filter>Resource Files</Filter>
    </ClInclude>
    <ClInclude Include="AdBusinessPartnerDetail.h">
      <Filter>Resource Files</Filter>
    </ClInclude>
    <ClInclude Include="AdBusinessPartnerDialog.h">
      <Filter>Resource Files</Filter>
    </ClInclude>
    <ClInclude Include="AdBusinessPartnerEmplDialog.h">
      <Filter>Resource Files</Filter>
    </ClInclude>
    <ClInclude Include="AdBusinessPartnerEmplList.h">
      <Filter>Resource Files</Filter>
    </ClInclude>
    <ClInclude Include="AdBusinessPartnerListDialog.h">
      <Filter>Resource Files</Filter>
    </ClInclude>
    <ClInclude Include="AdBusinessPartnerLocationAddress.h">
      <Filter>Resource Files</Filter>
    </ClInclude>
    <ClInclude Include="AdBusinessPartnerParaclinicInfoDialog.h">
      <Filter>Resource Files</Filter>
    </ClInclude>
    <ClInclude Include="AdBusinessPartnerSelectEmpl.h">
      <Filter>Resource Files</Filter>
    </ClInclude>
    <ClInclude Include="ChildView.h">
      <Filter>Resource Files</Filter>
    </ClInclude>
    <ClInclude Include="EM_RehabilitationEndDate.h">
      <Filter>Resource Files</Filter>
    </ClInclude>
    <ClInclude Include="EMParaclinicResultDialog.h">
      <Filter>Resource Files</Filter>
    </ClInclude>
    <ClInclude Include="ExamSpecialistEye.h">
      <Filter>Resource Files</Filter>
    </ClInclude>
    <ClInclude Include="FileDropListCtrl.h">
      <Filter>Resource Files</Filter>
    </ClInclude>
    <ClInclude Include="HE_INPUTENDDATE.h">
      <Filter>Resource Files</Filter>
    </ClInclude>
    <ClInclude Include="HeathExamDialog.h">
      <Filter>Resource Files</Filter>
    </ClInclude>
    <ClInclude Include="HEDrugListEmergencyDialog.h">
      <Filter>Resource Files</Filter>
    </ClInclude>
    <ClInclude Include="HESettingExamSchedule.h">
      <Filter>Resource Files</Filter>
    </ClInclude>
    <ClInclude Include="HMS_APPOINMENTA20.h">
      <Filter>Resource Files</Filter>
    </ClInclude>
    <ClInclude Include="HMS_OBABenhNhanGhepThan.h">
      <Filter>Resource Files</Filter>
    </ClInclude>
    <ClInclude Include="HMS_OBAChuyenKhoaXaTriXaPhau.h">
      <Filter>Resource Files</Filter>
    </ClInclude>
    <ClInclude Include="HMS_OBADTBenhSuyTim.h">
      <Filter>Resource Files</Filter>
    </ClInclude>
    <ClInclude Include="HMS_OBADTCuongGiapIODEPhongXa.h">
      <Filter>Resource Files</Filter>
    </ClInclude>
    <ClInclude Include="HMS_OBADTDauThatNgucOnDinh.h">
      <Filter>Resource Files</Filter>
    </ClInclude>
    <ClInclude Include="HMS_OBADTParkinsonDongKinh.h">
      <Filter>Resource Files</Filter>
    </ClInclude>
    <ClInclude Include="HMS_OBADTParkinsonDongKinh1.h">
      <Filter>Resource Files</Filter>
    </ClInclude>
    <ClInclude Include="HMS_OBADTParkinsonDongKinh2.h">
      <Filter>Resource Files</Filter>
    </ClInclude>
    <ClInclude Include="HMS_OBADTPhoiTacNghenManTinh.h">
      <Filter>Resource Files</Filter>
    </ClInclude>
    <ClInclude Include="HMS_OBAKhoaRang.h">
      <Filter>Resource Files</Filter>
    </ClInclude>
    <ClInclude Include="HMS_OBAKhoaRang2.h">
      <Filter>Resource Files</Filter>
    </ClInclude>
    <ClInclude Include="HMS_OBAKhoaRangTab.h">
      <Filter>Resource Files</Filter>
    </ClInclude>
    <ClInclude Include="HMS_OBAParkinsonTab.h">
      <Filter>Resource Files</Filter>
    </ClInclude>
    <ClInclude Include="HMS_OBARFA.h">
      <Filter>Resource Files</Filter>
    </ClInclude>
    <ClInclude Include="HMSAccidentDialog.h">
      <Filter>Resource Files</Filter>
    </ClInclude>
    <ClInclude Include="HMSAddAppointmentA20.h">
      <Filter>Resource Files</Filter>
    </ClInclude>
    <ClInclude Include="HMSAdmission.h">
      <Filter>Resource Files</Filter>
    </ClInclude>
    <ClInclude Include="HMSAdmissionClinicalDialog.h">
      <Filter>Resource Files</Filter>
    </ClInclude>
    <ClInclude Include="HMSAppointmentListDialog.h">
      <Filter>Resource Files</Filter>
    </ClInclude>
    <ClInclude Include="HMSAppointmentReexamination.h">
      <Filter>Resource Files</Filter>
    </ClInclude>
    <ClInclude Include="HMSAppointmentScheduleDialog.h">
      <Filter>Resource Files</Filter>
    </ClInclude>
    <ClInclude Include="HMSAppointmentScheduleList.h">
      <Filter>Resource Files</Filter>
    </ClInclude>
    <ClInclude Include="HMSAppointmentView.h">
      <Filter>Resource Files</Filter>
    </ClInclude>
    <ClInclude Include="HMSBedUsage.h">
      <Filter>Resource Files</Filter>
    </ClInclude>
    <ClInclude Include="HMSBenhAnView.h">
      <Filter>Resource Files</Filter>
    </ClInclude>
    <ClInclude Include="HMSCardEntryDialog.h">
      <Filter>Resource Files</Filter>
    </ClInclude>
    <ClInclude Include="HMSClinicZoneDialog.h">
      <Filter>Resource Files</Filter>
    </ClInclude>
    <ClInclude Include="HMSCommanderExamine.h">
      <Filter>Resource Files</Filter>
    </ClInclude>
    <ClInclude Include="HMSConclusionExtendDlg.h">
      <Filter>Resource Files</Filter>
    </ClInclude>
    <ClInclude Include="HMSConfirmDialogC13.h">
      <Filter>Resource Files</Filter>
    </ClInclude>
    <ClInclude Include="HMSCuredTreatmentDlg.h">
      <Filter>Resource Files</Filter>
    </ClInclude>
    <ClInclude Include="HMSDailyFoodCancelPatientListDialog_EM.h">
      <Filter>Resource Files</Filter>
    </ClInclude>
    <ClInclude Include="HMSDailyFoodOrder_EM.h">
      <Filter>Resource Files</Filter>
    </ClInclude>
    <ClInclude Include="HMSDailyFoodOrderCancel_EM.h">
      <Filter>Resource Files</Filter>
    </ClInclude>
    <ClInclude Include="HMSDailyFoodOrderList_EM.h">
      <Filter>Resource Files</Filter>
    </ClInclude>
    <ClInclude Include="HMSDailyFoodPatientListDialog_EM.h">
      <Filter>Resource Files</Filter>
    </ClInclude>
    <ClInclude Include="HMSDanhGiaTheoDoiSauInplant.h">
      <Filter>Resource Files</Filter>
    </ClInclude>
    <ClInclude Include="HMSDanhGiaTheoDoiSauInplant2.h">
      <Filter>Resource Files</Filter>
    </ClInclude>
    <ClInclude Include="HMSDanhGiaTheoDoiSauInplant3.h">
      <Filter>Resource Files</Filter>
    </ClInclude>
    <ClInclude Include="HMSDanhGiaTheoDoiSauInplant4.h">
      <Filter>Resource Files</Filter>
    </ClInclude>
    <ClInclude Include="HMSDanhGiaTheoDoiSauInplant51.h">
      <Filter>Resource Files</Filter>
    </ClInclude>
    <ClInclude Include="HMSDanhGiaTheoDoiSauInplant52.h">
      <Filter>Resource Files</Filter>
    </ClInclude>
    <ClInclude Include="HMSDanhGiaTheoDoiSauInplant53.h">
      <Filter>Resource Files</Filter>
    </ClInclude>
    <ClInclude Include="HMSDanhGiaTheoDoiSauInplant54.h">
      <Filter>Resource Files</Filter>
    </ClInclude>
    <ClInclude Include="HMSDentalTreatmentDlg.h">
      <Filter>Resource Files</Filter>
    </ClInclude>
    <ClInclude Include="HMSDischarge.h">
      <Filter>Resource Files</Filter>
    </ClInclude>
    <ClInclude Include="HMSDiseaseConclusionDialog.h">
      <Filter>Resource Files</Filter>
    </ClInclude>
    <ClInclude Include="HMSDiseasePrehistoryDialog.h">
      <Filter>Resource Files</Filter>
    </ClInclude>
    <ClInclude Include="HMSDrugInformation.h">
      <Filter>Resource Files</Filter>
    </ClInclude>
    <ClInclude Include="HMSEmergencyReceiptDialog.h">
      <Filter>Resource Files</Filter>
    </ClInclude>
    <ClInclude Include="HMSEntertainTreatDialog.h">
      <Filter>Resource Files</Filter>
    </ClInclude>
    <ClInclude Include="HMSExaminationChangeDialog.h">
      <Filter>Resource Files</Filter>
    </ClInclude>
    <ClInclude Include="HMSExaminationDocument.h">
      <Filter>Resource Files</Filter>
    </ClInclude>
    <ClInclude Include="HMSExaminationMoveDialog.h">
      <Filter>Resource Files</Filter>
    </ClInclude>
    <ClInclude Include="HMSExaminationQueue.h">
      <Filter>Resource Files</Filter>
    </ClInclude>
    <ClInclude Include="HMSExamine.h">
      <Filter>Resource Files</Filter>
    </ClInclude>
    <ClInclude Include="HMSExamineV2.h">
      <Filter>Resource Files</Filter>
    </ClInclude>
    <ClInclude Include="HMSExamTestProfileDialog.h">
      <Filter>Resource Files</Filter>
    </ClInclude>
    <ClInclude Include="HMSExmTestSettingDialog.h">
      <Filter>Resource Files</Filter>
    </ClInclude>
    <ClInclude Include="HMSExpandSelectionListDialog.h">
      <Filter>Resource Files</Filter>
    </ClInclude>
    <ClInclude Include="HMSFastDiagnosticDialog.h">
      <Filter>Resource Files</Filter>
    </ClInclude>
    <ClInclude Include="HMSFoodModifyItemDialog_EM.h">
      <Filter>Resource Files</Filter>
    </ClInclude>
    <ClInclude Include="HMSFoodOrderDiaglog_EM.h">
      <Filter>Resource Files</Filter>
    </ClInclude>
    <ClInclude Include="HMSGeneralRankExamine.h">
      <Filter>Resource Files</Filter>
    </ClInclude>
    <ClInclude Include="HMSGeneralRankSpecialExamineDialog.h">
      <Filter>Resource Files</Filter>
    </ClInclude>
    <ClInclude Include="HMSGroupProfileDialog.h">
      <Filter>Resource Files</Filter>
    </ClInclude>
    <ClInclude Include="HMSHealthExamHtmlDialog.h">
      <Filter>Resource Files</Filter>
    </ClInclude>
    <ClInclude Include="HMSHospitalTransfer.h">
      <Filter>Resource Files</Filter>
    </ClInclude>
    <ClInclude Include="HMSICD10.h">
      <Filter>Resource Files</Filter>
    </ClInclude>
    <ClInclude Include="HMSMauBenhAnDlg.h">
      <Filter>Resource Files</Filter>
    </ClInclude>
    <ClInclude Include="HMSMedicalCabinetDrug.h">
      <Filter>Resource Files</Filter>
    </ClInclude>
    <ClInclude Include="HMSMedicalCabinetDrugOrderEntry.h">
      <Filter>Resource Files</Filter>
    </ClInclude>
    <ClInclude Include="HMSOutPatientTreatment.h">
      <Filter>Resource Files</Filter>
    </ClInclude>
    <ClInclude Include="HMSPatientDocument.h">
      <Filter>Resource Files</Filter>
    </ClInclude>
    <ClInclude Include="HMSPatientEncodeDialog.h">
      <Filter>Resource Files</Filter>
    </ClInclude>
    <ClInclude Include="HMSPatientFoodOrderEntry_EM.h">
      <Filter>Resource Files</Filter>
    </ClInclude>
    <ClInclude Include="HMSPatientFoodOrderEntryEX_EM.h">
      <Filter>Resource Files</Filter>
    </ClInclude>
    <ClInclude Include="HMSPrescriptionLockDialog.h">
      <Filter>Resource Files</Filter>
    </ClInclude>
    <ClInclude Include="HMSPrescriptionLockInfoDialog.h">
      <Filter>Resource Files</Filter>
    </ClInclude>
    <ClInclude Include="HMSReturnDrugDialog.h">
      <Filter>Resource Files</Filter>
    </ClInclude>
    <ClInclude Include="HMSServicePackageFamilyFoodOrderDialog_EM.h">
      <Filter>Resource Files</Filter>
    </ClInclude>
    <ClInclude Include="HMSServicePackageFoodOrderDialog_EM.h">
      <Filter>Resource Files</Filter>
    </ClInclude>
    <ClInclude Include="HMSShowHistoryDialog.h">
      <Filter>Resource Files</Filter>
    </ClInclude>
    <ClInclude Include="HMSSpecialExamDialog.h">
      <Filter>Resource Files</Filter>
    </ClInclude>
    <ClInclude Include="HMSStorageDetailDialog.h">
      <Filter>Resource Files</Filter>
    </ClInclude>
    <ClInclude Include="HMSSupplementExamineDialog.h">
      <Filter>Resource Files</Filter>
    </ClInclude>
    <ClInclude Include="HMSTerminateCovidDocument.h">
      <Filter>Resource Files</Filter>
    </ClInclude>
    <ClInclude Include="HMSTerminateDocumentDialog.h">
      <Filter>Resource Files</Filter>
    </ClInclude>
    <ClInclude Include="HMSTreatDrugDialog.h">
      <Filter>Resource Files</Filter>
    </ClInclude>
    <ClInclude Include="HMSTreatmentCareEMDialog.h">
      <Filter>Resource Files</Filter>
    </ClInclude>
    <ClInclude Include="HMSTreatmentCareEMInputDialog.h">
      <Filter>Resource Files</Filter>
    </ClInclude>
    <ClInclude Include="HMSTreatmentDrugCopyDialog.h">
      <Filter>Resource Files</Filter>
    </ClInclude>
    <ClInclude Include="HMSTreatmentHistory.h">
      <Filter>Resource Files</Filter>
    </ClInclude>
    <ClInclude Include="HMSTreatmentPrescriptionPopup.h">
      <Filter>Resource Files</Filter>
    </ClInclude>
    <ClInclude Include="HMSTreatmentPrescriptionPopupEx.h">
      <Filter>Resource Files</Filter>
    </ClInclude>
    <ClInclude Include="HMSTreatmentTrackingDialog.h">
      <Filter>Resource Files</Filter>
    </ClInclude>
    <ClInclude Include="HMSTreatmentTrackingDiseaseDialog.h">
      <Filter>Resource Files</Filter>
    </ClInclude>
    <ClInclude Include="HMSTreatModeSettingDialog.h">
      <Filter>Resource Files</Filter>
    </ClInclude>
    <ClInclude Include="HMSTreatOperationDialog.h">
      <Filter>Resource Files</Filter>
    </ClInclude>
    <ClInclude Include="MainFrm.h">
      <Filter>Resource Files</Filter>
    </ClInclude>
    <ClInclude Include="PhanHoiBenh.h">
      <Filter>Resource Files</Filter>
    </ClInclude>
    <ClInclude Include="PhanKetLuan.h">
      <Filter>Resource Files</Filter>
    </ClInclude>
    <ClInclude Include="PhanKhamBenh.h">
      <Filter>Resource Files</Filter>
    </ClInclude>
    <ClInclude Include="PhanKhamChuyenKhoa.h">
      <Filter>Resource Files</Filter>
    </ClInclude>
    <ClInclude Include="PhanKhamChuyenKhoaInput.h">
      <Filter>Resource Files</Filter>
    </ClInclude>
    <ClInclude Include="resource.h">
      <Filter>Resource Files</Filter>
    </ClInclude>
    <ClInclude Include="stdafx.h">
      <Filter>Resource Files</Filter>
    </ClInclude>
    <ClInclude Include="StorageInventory.h">
      <Filter>Resource Files</Filter>
    </ClInclude>
    <ClInclude Include="StorageInventoryDialog.h">
      <Filter>Resource Files</Filter>
    </ClInclude>
    <ClInclude Include="StoragePreorderDialog.h">
      <Filter>Resource Files</Filter>
    </ClInclude>
    <ClInclude Include="TMBenhAnDialog.h">
      <Filter>Resource Files</Filter>
    </ClInclude>
    <ClInclude Include="TMDailyFoodPrintSheetDialog_EM.h">
      <Filter>Resource Files</Filter>
    </ClInclude>
    <ClInclude Include="TMRecordSummary.h">
      <Filter>Resource Files</Filter>
    </ClInclude>
    <ClInclude Include="TMShowPatientEatInDayDialog_EM.h">
      <Filter>Resource Files</Filter>
    </ClInclude>
    <ClInclude Include="VIMESHMSExamination.h">
      <Filter>Resource Files</Filter>
    </ClInclude>
    <ClInclude Include="WMDateCtrl.h">
      <Filter>Resource Files</Filter>
    </ClInclude>
    <ClInclude Include="WVCellData.h">
      <Filter>Resource Files</Filter>
    </ClInclude>
    <ClInclude Include="WVCellDataItem.h">
      <Filter>Resource Files</Filter>
    </ClInclude>
    <ClInclude Include="UpdateZoneInfor.h">
      <Filter>Resource Files\Header Files</Filter>
    </ClInclude>
    <ClInclude Include="HMSSpecialExamInputDlg.h">
      <Filter>Resource Files\Header Files</Filter>
    </ClInclude>
    <ClInclude Include="HMSSpecialExamSetupDlg.h">
      <Filter>Resource Files\Header Files</Filter>
    </ClInclude>
    <ClInclude Include="Qsofa_News2_Form_Result.h">
      <Filter>Resource Files</Filter>
    </ClInclude>
    <ClInclude Include="Qsofa_News2_Form_Dialog.h">
      <Filter>Resource Files</Filter>
    </ClInclude>
  </ItemGroup>
  <ItemGroup>
    <Image Include="res\icon1.ico">
      <Filter>Resource Files</Filter>
    </Image>
    <Image Include="res\Toolbar.bmp">
      <Filter>Resource Files</Filter>
    </Image>
  </ItemGroup>
  <ItemGroup>
    <ResourceCompile Include="VIMESHMSExamination.rc">
      <Filter>Resource Files</Filter>
    </ResourceCompile>
  </ItemGroup>
  <ItemGroup>
    <None Include="res\html1.htm" />
    <None Include="res\html2.htm" />
  </ItemGroup>
  <ItemGroup>
    <Text Include="ReadMe.txt" />
  </ItemGroup>
</Project>