<?xml version="1.0" encoding="utf-8"?>
<Project ToolsVersion="4.0" xmlns="http://schemas.microsoft.com/developer/msbuild/2003">
  <ItemGroup>
    <Filter Include="Source Files">
      <UniqueIdentifier>{4FC737F1-C7A5-4376-A066-2A32D752A2FF}</UniqueIdentifier>
      <Extensions>cpp;c;cxx;def;odl;idl;hpj;bat;asm;asmx</Extensions>
    </Filter>
    <Filter Include="Header Files">
      <UniqueIdentifier>{93995380-89BD-4b04-88EB-625FBE52EBFB}</UniqueIdentifier>
      <Extensions>h;hpp;hxx;hm;inl;inc;xsd</Extensions>
    </Filter>
    <Filter Include="Resource Files">
      <UniqueIdentifier>{67DA6AB6-F800-4c08-8B7A-83BB121AAD01}</UniqueIdentifier>
      <Extensions>rc;ico;cur;bmp;dlg;rc2;rct;bin;rgs;gif;jpg;jpeg;jpe;resx</Extensions>
    </Filter>
  </ItemGroup>
  <ItemGroup>
    <ClCompile Include="CategorySetupDialog.cpp">
      <Filter>Source Files</Filter>
    </ClCompile>
    <ClCompile Include="ChildView.cpp">
      <Filter>Source Files</Filter>
    </ClCompile>
    <ClCompile Include="ConditionSetupDialog.cpp">
      <Filter>Source Files</Filter>
    </ClCompile>
    <ClCompile Include="DepartmentSetupDialog.cpp">
      <Filter>Source Files</Filter>
    </ClCompile>
    <ClCompile Include="EmployeeSetupDialog.cpp">
      <Filter>Source Files</Filter>
    </ClCompile>
    <ClCompile Include="FAMAccessories.cpp">
      <Filter>Source Files</Filter>
    </ClCompile>
    <ClCompile Include="FAMAccessoriesDialog.cpp">
      <Filter>Source Files</Filter>
    </ClCompile>
    <ClCompile Include="FAMAdjustment.cpp">
      <Filter>Source Files</Filter>
    </ClCompile>
    <ClCompile Include="FAMAdjustmentDialog.cpp">
      <Filter>Source Files</Filter>
    </ClCompile>
    <ClCompile Include="FAMAdjustmentLine.cpp">
      <Filter>Source Files</Filter>
    </ClCompile>
    <ClCompile Include="FAMAllocateToDept.cpp">
      <Filter>Source Files</Filter>
    </ClCompile>
    <ClCompile Include="FAMAllocateToDeptDialog.cpp">
      <Filter>Source Files</Filter>
    </ClCompile>
    <ClCompile Include="FAMAllocateToDeptLine.cpp">
      <Filter>Source Files</Filter>
    </ClCompile>
    <ClCompile Include="FAMAsset.cpp">
      <Filter>Source Files</Filter>
    </ClCompile>
    <ClCompile Include="FAMAssetDepreciation.cpp">
      <Filter>Source Files</Filter>
    </ClCompile>
    <ClCompile Include="FAMAssetDepreDialog.cpp">
      <Filter>Source Files</Filter>
    </ClCompile>
    <ClCompile Include="FAMAssetDept.cpp">
      <Filter>Source Files</Filter>
    </ClCompile>
    <ClCompile Include="FAMAssetDetail.cpp">
      <Filter>Source Files</Filter>
    </ClCompile>
    <ClCompile Include="FAMAssetDetailDlg.cpp">
      <Filter>Source Files</Filter>
    </ClCompile>
    <ClCompile Include="FAMAssetDlg.cpp">
      <Filter>Source Files</Filter>
    </ClCompile>
    <ClCompile Include="FAMAssetExtraInformation.cpp">
      <Filter>Source Files</Filter>
    </ClCompile>
    <ClCompile Include="FAMAssetType.cpp">
      <Filter>Source Files</Filter>
    </ClCompile>
    <ClCompile Include="FAMAssetTypeDetail.cpp">
      <Filter>Source Files</Filter>
    </ClCompile>
    <ClCompile Include="FAMAttachAccessories.cpp">
      <Filter>Source Files</Filter>
    </ClCompile>
    <ClCompile Include="FAMAttachment.cpp">
      <Filter>Source Files</Filter>
    </ClCompile>
    <ClCompile Include="FAMAttachmentDialog.cpp">
      <Filter>Source Files</Filter>
    </ClCompile>
    <ClCompile Include="FAMComponents.cpp">
      <Filter>Source Files</Filter>
    </ClCompile>
    <ClCompile Include="FAMComponentsDialog.cpp">
      <Filter>Source Files</Filter>
    </ClCompile>
    <ClCompile Include="FAMComponentsLine.cpp">
      <Filter>Source Files</Filter>
    </ClCompile>
    <ClCompile Include="FAMDepreciation.cpp">
      <Filter>Source Files</Filter>
    </ClCompile>
    <ClCompile Include="FAMDepreciationDialog.cpp">
      <Filter>Source Files</Filter>
    </ClCompile>
    <ClCompile Include="FAMDepreciationLine.cpp">
      <Filter>Source Files</Filter>
    </ClCompile>
    <ClCompile Include="FAMEntrySetupDialog.cpp">
      <Filter>Source Files</Filter>
    </ClCompile>
    <ClCompile Include="FAMInvent.cpp">
      <Filter>Source Files</Filter>
    </ClCompile>
    <ClCompile Include="FAMInventDialog.cpp">
      <Filter>Source Files</Filter>
    </ClCompile>
    <ClCompile Include="FAMInventLine.cpp">
      <Filter>Source Files</Filter>
    </ClCompile>
    <ClCompile Include="FAMInventory.cpp">
      <Filter>Source Files</Filter>
    </ClCompile>
    <ClCompile Include="FAMInventoryDlg.cpp">
      <Filter>Source Files</Filter>
    </ClCompile>
    <ClCompile Include="FAMLiquidated.cpp">
      <Filter>Source Files</Filter>
    </ClCompile>
    <ClCompile Include="FAMLiquidatedDialog.cpp">
      <Filter>Source Files</Filter>
    </ClCompile>
    <ClCompile Include="FAMLiquidatedLine.cpp">
      <Filter>Source Files</Filter>
    </ClCompile>
    <ClCompile Include="FAMListSetupDialog.cpp">
      <Filter>Source Files</Filter>
    </ClCompile>
    <ClCompile Include="FAMMaintenance.cpp">
      <Filter>Source Files</Filter>
    </ClCompile>
    <ClCompile Include="FAMMaintenanceDialog.cpp">
      <Filter>Source Files</Filter>
    </ClCompile>
    <ClCompile Include="FAMMaintenanceRepair.cpp">
      <Filter>Source Files</Filter>
    </ClCompile>
    <ClCompile Include="FAMMaintenanceRepairDlg.cpp">
      <Filter>Source Files</Filter>
    </ClCompile>
    <ClCompile Include="FAMMaintenanceRepairLine.cpp">
      <Filter>Source Files</Filter>
    </ClCompile>
    <ClCompile Include="FAMOtherTransaction.cpp">
      <Filter>Source Files</Filter>
    </ClCompile>
    <ClCompile Include="FAMOtherTransactionDialog.cpp">
      <Filter>Source Files</Filter>
    </ClCompile>
    <ClCompile Include="FAMOtherTransactionLine.cpp">
      <Filter>Source Files</Filter>
    </ClCompile>
    <ClCompile Include="FAMOtherTransactionLinePopup.cpp">
      <Filter>Source Files</Filter>
    </ClCompile>
    <ClCompile Include="FAMQDeprCaculation.cpp">
      <Filter>Source Files</Filter>
    </ClCompile>
    <ClCompile Include="FAMReceiptOrder.cpp">
      <Filter>Source Files</Filter>
    </ClCompile>
    <ClCompile Include="FAMReceiptOrderDialog.cpp">
      <Filter>Source Files</Filter>
    </ClCompile>
    <ClCompile Include="FAMReceiptOrderLine.cpp">
      <Filter>Source Files</Filter>
    </ClCompile>
    <ClCompile Include="FAMReceiptOrderLinePopup.cpp">
      <Filter>Source Files</Filter>
    </ClCompile>
    <ClCompile Include="FAMSerialSetupDlg.cpp">
      <Filter>Source Files</Filter>
    </ClCompile>
    <ClCompile Include="FAMSRDeprCaculation.cpp">
      <Filter>Source Files</Filter>
    </ClCompile>
    <ClCompile Include="FAMTransactionOrder.cpp">
      <Filter>Source Files</Filter>
    </ClCompile>
    <ClCompile Include="FAMTransactionOrderDialog.cpp">
      <Filter>Source Files</Filter>
    </ClCompile>
    <ClCompile Include="FAMTransactionOrderLine.cpp">
      <Filter>Source Files</Filter>
    </ClCompile>
    <ClCompile Include="FAMTransactionOrderLinePopup.cpp">
      <Filter>Source Files</Filter>
    </ClCompile>
    <ClCompile Include="FAMTransfer.cpp">
      <Filter>Source Files</Filter>
    </ClCompile>
    <ClCompile Include="FAMTransferDialog.cpp">
      <Filter>Source Files</Filter>
    </ClCompile>
    <ClCompile Include="FAMTransferToDept.cpp">
      <Filter>Source Files</Filter>
    </ClCompile>
    <ClCompile Include="FAMTransferToDeptDialog.cpp">
      <Filter>Source Files</Filter>
    </ClCompile>
    <ClCompile Include="FAMTransferToDeptLine.cpp">
      <Filter>Source Files</Filter>
    </ClCompile>
    <ClCompile Include="FAMUpdateAccumDeprDialog.cpp">
      <Filter>Source Files</Filter>
    </ClCompile>
    <ClCompile Include="FAMUsageProcess.cpp">
      <Filter>Source Files</Filter>
    </ClCompile>
    <ClCompile Include="FAMUsingProcessDialog.cpp">
      <Filter>Source Files</Filter>
    </ClCompile>
    <ClCompile Include="FAMWarehouse.cpp">
      <Filter>Source Files</Filter>
    </ClCompile>
    <ClCompile Include="FAMWarehouseSetup.cpp">
      <Filter>Source Files</Filter>
    </ClCompile>
    <ClCompile Include="FinancialAccountSetupDialog.cpp">
      <Filter>Source Files</Filter>
    </ClCompile>
    <ClCompile Include="IncReasonSetupDialog.cpp">
      <Filter>Source Files</Filter>
    </ClCompile>
    <ClCompile Include="MainFrm.cpp">
      <Filter>Source Files</Filter>
    </ClCompile>
    <ClCompile Include="ManufactureSetupDialog.cpp">
      <Filter>Source Files</Filter>
    </ClCompile>
    <ClCompile Include="stdafx.cpp">
      <Filter>Source Files</Filter>
    </ClCompile>
    <ClCompile Include="TypeSetupDialog.cpp">
      <Filter>Source Files</Filter>
    </ClCompile>
    <ClCompile Include="VendorSetupDialog.cpp">
      <Filter>Source Files</Filter>
    </ClCompile>
    <ClCompile Include="VIMESAssetManagr.cpp">
      <Filter>Source Files</Filter>
    </ClCompile>
    <ClCompile Include="VIMESGeneralSetupDialog.cpp">
      <Filter>Source Files</Filter>
    </ClCompile>
    <ClCompile Include="VIMESSettingParametersDialog.cpp">
      <Filter>Source Files</Filter>
    </ClCompile>
  </ItemGroup>
  <ItemGroup>
    <ClInclude Include="CategorySetupDialog.h">
      <Filter>Header Files</Filter>
    </ClInclude>
    <ClInclude Include="ChildView.h">
      <Filter>Header Files</Filter>
    </ClInclude>
    <ClInclude Include="ConditionSetupDialog.h">
      <Filter>Header Files</Filter>
    </ClInclude>
    <ClInclude Include="DepartmentSetupDialog.h">
      <Filter>Header Files</Filter>
    </ClInclude>
    <ClInclude Include="EmployeeSetupDialog.h">
      <Filter>Header Files</Filter>
    </ClInclude>
    <ClInclude Include="FAMAccessories.h">
      <Filter>Header Files</Filter>
    </ClInclude>
    <ClInclude Include="FAMAccessoriesDialog.h">
      <Filter>Header Files</Filter>
    </ClInclude>
    <ClInclude Include="FAMAdjustment.h">
      <Filter>Header Files</Filter>
    </ClInclude>
    <ClInclude Include="FAMAdjustmentDialog.h">
      <Filter>Header Files</Filter>
    </ClInclude>
    <ClInclude Include="FAMAdjustmentLine.h">
      <Filter>Header Files</Filter>
    </ClInclude>
    <ClInclude Include="FAMAllocateToDept.h">
      <Filter>Header Files</Filter>
    </ClInclude>
    <ClInclude Include="FAMAllocateToDeptDialog.h">
      <Filter>Header Files</Filter>
    </ClInclude>
    <ClInclude Include="FAMAllocateToDeptLine.h">
      <Filter>Header Files</Filter>
    </ClInclude>
    <ClInclude Include="FAMAsset.h">
      <Filter>Header Files</Filter>
    </ClInclude>
    <ClInclude Include="FAMAssetDepreciation.h">
      <Filter>Header Files</Filter>
    </ClInclude>
    <ClInclude Include="FAMAssetDepreDialog.h">
      <Filter>Header Files</Filter>
    </ClInclude>
    <ClInclude Include="FAMAssetDept.h">
      <Filter>Header Files</Filter>
    </ClInclude>
    <ClInclude Include="FAMAssetDetail.h">
      <Filter>Header Files</Filter>
    </ClInclude>
    <ClInclude Include="FAMAssetDetailDlg.h">
      <Filter>Header Files</Filter>
    </ClInclude>
    <ClInclude Include="FAMAssetDlg.h">
      <Filter>Header Files</Filter>
    </ClInclude>
    <ClInclude Include="FAMAssetExtraInformation.h">
      <Filter>Header Files</Filter>
    </ClInclude>
    <ClInclude Include="FAMAssetType.h">
      <Filter>Header Files</Filter>
    </ClInclude>
    <ClInclude Include="FAMAssetTypeDetail.h">
      <Filter>Header Files</Filter>
    </ClInclude>
    <ClInclude Include="FAMAttachAccessories.h">
      <Filter>Header Files</Filter>
    </ClInclude>
    <ClInclude Include="FAMAttachment.h">
      <Filter>Header Files</Filter>
    </ClInclude>
    <ClInclude Include="FAMAttachmentDialog.h">
      <Filter>Header Files</Filter>
    </ClInclude>
    <ClInclude Include="FAMComponents.h">
      <Filter>Header Files</Filter>
    </ClInclude>
    <ClInclude Include="FAMComponentsDialog.h">
      <Filter>Header Files</Filter>
    </ClInclude>
    <ClInclude Include="FAMComponentsLine.h">
      <Filter>Header Files</Filter>
    </ClInclude>
    <ClInclude Include="FAMDecreaseDlg.h">
      <Filter>Header Files</Filter>
    </ClInclude>
    <ClInclude Include="FAMDecreaseLineDlg.h">
      <Filter>Header Files</Filter>
    </ClInclude>
    <ClInclude Include="FAMDepreciation.h">
      <Filter>Header Files</Filter>
    </ClInclude>
    <ClInclude Include="FAMDepreciationDialog.h">
      <Filter>Header Files</Filter>
    </ClInclude>
    <ClInclude Include="FAMDepreciationLine.h">
      <Filter>Header Files</Filter>
    </ClInclude>
    <ClInclude Include="FAMEntrySetupDialog.h">
      <Filter>Header Files</Filter>
    </ClInclude>
    <ClInclude Include="FAMIncreaseDlg.h">
      <Filter>Header Files</Filter>
    </ClInclude>
    <ClInclude Include="FAMIncreaseLineDlg.h">
      <Filter>Header Files</Filter>
    </ClInclude>
    <ClInclude Include="FAMInvent.h">
      <Filter>Header Files</Filter>
    </ClInclude>
    <ClInclude Include="FAMInventDialog.h">
      <Filter>Header Files</Filter>
    </ClInclude>
    <ClInclude Include="FAMInventLine.h">
      <Filter>Header Files</Filter>
    </ClInclude>
    <ClInclude Include="FAMInventory.h">
      <Filter>Header Files</Filter>
    </ClInclude>
    <ClInclude Include="FAMInventoryDlg.h">
      <Filter>Header Files</Filter>
    </ClInclude>
    <ClInclude Include="FAMLiquidated.h">
      <Filter>Header Files</Filter>
    </ClInclude>
    <ClInclude Include="FAMLiquidatedDialog.h">
      <Filter>Header Files</Filter>
    </ClInclude>
    <ClInclude Include="FAMLiquidatedLine.h">
      <Filter>Header Files</Filter>
    </ClInclude>
    <ClInclude Include="FAMListSetupDialog.h">
      <Filter>Header Files</Filter>
    </ClInclude>
    <ClInclude Include="FAMMaintenance.h">
      <Filter>Header Files</Filter>
    </ClInclude>
    <ClInclude Include="FAMMaintenanceDialog.h">
      <Filter>Header Files</Filter>
    </ClInclude>
    <ClInclude Include="FAMMaintenanceRepair.h">
      <Filter>Header Files</Filter>
    </ClInclude>
    <ClInclude Include="FAMMaintenanceRepairDlg.h">
      <Filter>Header Files</Filter>
    </ClInclude>
    <ClInclude Include="FAMMaintenanceRepairLine.h">
      <Filter>Header Files</Filter>
    </ClInclude>
    <ClInclude Include="FAMOtherTransaction.h">
      <Filter>Header Files</Filter>
    </ClInclude>
    <ClInclude Include="FAMOtherTransactionDialog.h">
      <Filter>Header Files</Filter>
    </ClInclude>
    <ClInclude Include="FAMOtherTransactionLine.h">
      <Filter>Header Files</Filter>
    </ClInclude>
    <ClInclude Include="FAMOtherTransactionLinePopup.h">
      <Filter>Header Files</Filter>
    </ClInclude>
    <ClInclude Include="FAMQDeprCaculation.h">
      <Filter>Header Files</Filter>
    </ClInclude>
    <ClInclude Include="FAMReceiptOrder.h">
      <Filter>Header Files</Filter>
    </ClInclude>
    <ClInclude Include="FAMReceiptOrderDialog.h">
      <Filter>Header Files</Filter>
    </ClInclude>
    <ClInclude Include="FAMReceiptOrderLine.h">
      <Filter>Header Files</Filter>
    </ClInclude>
    <ClInclude Include="FAMReceiptOrderLinePopup.h">
      <Filter>Header Files</Filter>
    </ClInclude>
    <ClInclude Include="FAMSerialSetupDlg.h">
      <Filter>Header Files</Filter>
    </ClInclude>
    <ClInclude Include="FAMSRDeprCaculation.h">
      <Filter>Header Files</Filter>
    </ClInclude>
    <ClInclude Include="FAMTransactionOrder.h">
      <Filter>Header Files</Filter>
    </ClInclude>
    <ClInclude Include="FAMTransactionOrderDialog.h">
      <Filter>Header Files</Filter>
    </ClInclude>
    <ClInclude Include="FAMTransactionOrderLine.h">
      <Filter>Header Files</Filter>
    </ClInclude>
    <ClInclude Include="FAMTransactionOrderLinePopup.h">
      <Filter>Header Files</Filter>
    </ClInclude>
    <ClInclude Include="FAMTransfer.h">
      <Filter>Header Files</Filter>
    </ClInclude>
    <ClInclude Include="FAMTransferDialog.h">
      <Filter>Header Files</Filter>
    </ClInclude>
    <ClInclude Include="FAMTransferToDept.h">
      <Filter>Header Files</Filter>
    </ClInclude>
    <ClInclude Include="FAMTransferToDeptDialog.h">
      <Filter>Header Files</Filter>
    </ClInclude>
    <ClInclude Include="FAMTransferToDeptLine.h">
      <Filter>Header Files</Filter>
    </ClInclude>
    <ClInclude Include="FAMUpdateAccumDeprDialog.h">
      <Filter>Header Files</Filter>
    </ClInclude>
    <ClInclude Include="FAMUsageProcess.h">
      <Filter>Header Files</Filter>
    </ClInclude>
    <ClInclude Include="FAMUsingProcessDialog.h">
      <Filter>Header Files</Filter>
    </ClInclude>
    <ClInclude Include="FAMWarehouse.h">
      <Filter>Header Files</Filter>
    </ClInclude>
    <ClInclude Include="FAMWarehouseSetup.h">
      <Filter>Header Files</Filter>
    </ClInclude>
    <ClInclude Include="FinancialAccountSetupDialog.h">
      <Filter>Header Files</Filter>
    </ClInclude>
    <ClInclude Include="IncReasonSetupDialog.h">
      <Filter>Header Files</Filter>
    </ClInclude>
    <ClInclude Include="MainFrm.h">
      <Filter>Header Files</Filter>
    </ClInclude>
    <ClInclude Include="ManufactureSetupDialog.h">
      <Filter>Header Files</Filter>
    </ClInclude>
    <ClInclude Include="Resource.h">
      <Filter>Header Files</Filter>
    </ClInclude>
    <ClInclude Include="stdafx.h">
      <Filter>Header Files</Filter>
    </ClInclude>
    <ClInclude Include="TypeSetupDialog.h">
      <Filter>Header Files</Filter>
    </ClInclude>
    <ClInclude Include="VendorSetupDialog.h">
      <Filter>Header Files</Filter>
    </ClInclude>
    <ClInclude Include="VIMESAssetManagr.h">
      <Filter>Header Files</Filter>
    </ClInclude>
    <ClInclude Include="VIMESGeneralSetupDialog.h">
      <Filter>Header Files</Filter>
    </ClInclude>
    <ClInclude Include="VIMESSettingParametersDialog.h">
      <Filter>Header Files</Filter>
    </ClInclude>
  </ItemGroup>
  <ItemGroup>
    <Image Include="res\ICON.ico">
      <Filter>Resource Files</Filter>
    </Image>
    <Image Include="res\Toolbar.bmp">
      <Filter>Resource Files</Filter>
    </Image>
    <Image Include="res\VIMESAssetManagr.ico">
      <Filter>Resource Files</Filter>
    </Image>
  </ItemGroup>
  <ItemGroup>
    <ResourceCompile Include="VIMESAssetManagr.rc">
      <Filter>Resource Files</Filter>
    </ResourceCompile>
  </ItemGroup>
  <ItemGroup>
    <None Include="res\VIMESAssetManagr.rc2">
      <Filter>Resource Files</Filter>
    </None>
  </ItemGroup>
  <ItemGroup>
    <Text Include="ReadMe.txt" />
  </ItemGroup>
  <ItemGroup>
    <Manifest Include="res\VIMESAssetManagr.manifest" />
  </ItemGroup>
</Project>